// !$*UTF8*$!
{
	archiveVersion = 1;
	classes = {
	};
	objectVersion = 50;
	objects = {

/* Begin PBXBuildFile section */
		3B26A3B622584BD10063ECAA /* AppDelegate.swift in Sources */ = {isa = PBXBuildFile; fileRef = 3B26A3B522584BD10063ECAA /* AppDelegate.swift */; };
		3B26A3B822584BD10063ECAA /* ViewController.swift in Sources */ = {isa = PBXBuildFile; fileRef = 3B26A3B722584BD10063ECAA /* ViewController.swift */; };
		3B26A3BB22584BD10063ECAA /* Main.storyboard in Resources */ = {isa = PBXBuildFile; fileRef = 3B26A3B922584BD10063ECAA /* Main.storyboard */; };
		3B26A3BD22584BD30063ECAA /* Assets.xcassets in Resources */ = {isa = PBXBuildFile; fileRef = 3B26A3BC22584BD30063ECAA /* Assets.xcassets */; };
		3B26A3C022584BD30063ECAA /* LaunchScreen.storyboard in Resources */ = {isa = PBXBuildFile; fileRef = 3B26A3BE22584BD30063ECAA /* LaunchScreen.storyboard */; };
		3B26A3CB22584BD30063ECAA /* ArubaTests.swift in Sources */ = {isa = PBXBuildFile; fileRef = 3B26A3CA22584BD30063ECAA /* ArubaTests.swift */; };
		3B26A3D622584BD30063ECAA /* ArubaUITests.swift in Sources */ = {isa = PBXBuildFile; fileRef = 3B26A3D522584BD30063ECAA /* ArubaUITests.swift */; };
/* End PBXBuildFile section */

/* Begin PBXContainerItemProxy section */
		3B26A3C722584BD30063ECAA /* PBXContainerItemProxy */ = {
			isa = PBXContainerItemProxy;
			containerPortal = 3B26A3AA22584BD10063ECAA /* Project object */;
			proxyType = 1;
			remoteGlobalIDString = 3B26A3B122584BD10063ECAA;
			remoteInfo = Aruba;
		};
		3B26A3D222584BD30063ECAA /* PBXContainerItemProxy */ = {
			isa = PBXContainerItemProxy;
			containerPortal = 3B26A3AA22584BD10063ECAA /* Project object */;
			proxyType = 1;
			remoteGlobalIDString = 3B26A3B122584BD10063ECAA;
			remoteInfo = Aruba;
		};
/* End PBXContainerItemProxy section */

/* Begin PBXFileReference section */
		3B26A3B222584BD10063ECAA /* Aruba.app */ = {isa = PBXFileReference; explicitFileType = wrapper.application; includeInIndex = 0; path = Aruba.app; sourceTree = BUILT_PRODUCTS_DIR; };
		3B26A3B522584BD10063ECAA /* AppDelegate.swift */ = {isa = PBXFileReference; lastKnownFileType = sourcecode.swift; path = AppDelegate.swift; sourceTree = "<group>"; };
		3B26A3B722584BD10063ECAA /* ViewController.swift */ = {isa = PBXFileReference; lastKnownFileType = sourcecode.swift; path = ViewController.swift; sourceTree = "<group>"; };
		3B26A3BA22584BD10063ECAA /* Base */ = {isa = PBXFileReference; lastKnownFileType = file.storyboard; name = Base; path = Base.lproj/Main.storyboard; sourceTree = "<group>"; };
		3B26A3BC22584BD30063ECAA /* Assets.xcassets */ = {isa = PBXFileReference; lastKnownFileType = folder.assetcatalog; path = Assets.xcassets; sourceTree = "<group>"; };
		3B26A3BF22584BD30063ECAA /* Base */ = {isa = PBXFileReference; lastKnownFileType = file.storyboard; name = Base; path = Base.lproj/LaunchScreen.storyboard; sourceTree = "<group>"; };
		3B26A3C122584BD30063ECAA /* Info.plist */ = {isa = PBXFileReference; lastKnownFileType = text.plist.xml; path = Info.plist; sourceTree = "<group>"; };
		3B26A3C622584BD30063ECAA /* ArubaTests.xctest */ = {isa = PBXFileReference; explicitFileType = wrapper.cfbundle; includeInIndex = 0; path = ArubaTests.xctest; sourceTree = BUILT_PRODUCTS_DIR; };
		3B26A3CA22584BD30063ECAA /* ArubaTests.swift */ = {isa = PBXFileReference; lastKnownFileType = sourcecode.swift; path = ArubaTests.swift; sourceTree = "<group>"; };
		3B26A3CC22584BD30063ECAA /* Info.plist */ = {isa = PBXFileReference; lastKnownFileType = text.plist.xml; path = Info.plist; sourceTree = "<group>"; };
		3B26A3D122584BD30063ECAA /* ArubaUITests.xctest */ = {isa = PBXFileReference; explicitFileType = wrapper.cfbundle; includeInIndex = 0; path = ArubaUITests.xctest; sourceTree = BUILT_PRODUCTS_DIR; };
		3B26A3D522584BD30063ECAA /* ArubaUITests.swift */ = {isa = PBXFileReference; lastKnownFileType = sourcecode.swift; path = ArubaUITests.swift; sourceTree = "<group>"; };
		3B26A3D722584BD30063ECAA /* Info.plist */ = {isa = PBXFileReference; lastKnownFileType = text.plist.xml; path = Info.plist; sourceTree = "<group>"; };
/* End PBXFileReference section */

/* Begin PBXFrameworksBuildPhase section */
		3B26A3AF22584BD10063ECAA /* Frameworks */ = {
			isa = PBXFrameworksBuildPhase;
			buildActionMask = 2147483647;
			files = (
			);
			runOnlyForDeploymentPostprocessing = 0;
		};
		3B26A3C322584BD30063ECAA /* Frameworks */ = {
			isa = PBXFrameworksBuildPhase;
			buildActionMask = 2147483647;
			files = (
			);
			runOnlyForDeploymentPostprocessing = 0;
		};
		3B26A3CE22584BD30063ECAA /* Frameworks */ = {
			isa = PBXFrameworksBuildPhase;
			buildActionMask = 2147483647;
			files = (
			);
			runOnlyForDeploymentPostprocessing = 0;
		};
/* End PBXFrameworksBuildPhase section */

/* Begin PBXGroup section */
		3B26A3A922584BD10063ECAA = {
			isa = PBXGroup;
			children = (
				3B26A3B422584BD10063ECAA /* Aruba */,
				3B26A3C922584BD30063ECAA /* ArubaTests */,
				3B26A3D422584BD30063ECAA /* ArubaUITests */,
				3B26A3B322584BD10063ECAA /* Products */,
			);
			sourceTree = "<group>";
		};
		3B26A3B322584BD10063ECAA /* Products */ = {
			isa = PBXGroup;
			children = (
				3B26A3B222584BD10063ECAA /* Aruba.app */,
				3B26A3C622584BD30063ECAA /* ArubaTests.xctest */,
				3B26A3D122584BD30063ECAA /* ArubaUITests.xctest */,
			);
			name = Products;
			sourceTree = "<group>";
		};
		3B26A3B422584BD10063ECAA /* Aruba */ = {
			isa = PBXGroup;
			children = (
				3B26A3B522584BD10063ECAA /* AppDelegate.swift */,
				3B26A3B722584BD10063ECAA /* ViewController.swift */,
				3B26A3B922584BD10063ECAA /* Main.storyboard */,
				3B26A3BC22584BD30063ECAA /* Assets.xcassets */,
				3B26A3BE22584BD30063ECAA /* LaunchScreen.storyboard */,
				3B26A3C122584BD30063ECAA /* Info.plist */,
			);
			path = Aruba;
			sourceTree = "<group>";
		};
		3B26A3C922584BD30063ECAA /* ArubaTests */ = {
			isa = PBXGroup;
			children = (
				3B26A3CA22584BD30063ECAA /* ArubaTests.swift */,
				3B26A3CC22584BD30063ECAA /* Info.plist */,
			);
			path = ArubaTests;
			sourceTree = "<group>";
		};
		3B26A3D422584BD30063ECAA /* ArubaUITests */ = {
			isa = PBXGroup;
			children = (
				3B26A3D522584BD30063ECAA /* ArubaUITests.swift */,
				3B26A3D722584BD30063ECAA /* Info.plist */,
			);
			path = ArubaUITests;
			sourceTree = "<group>";
		};
/* End PBXGroup section */

/* Begin PBXNativeTarget section */
		3B26A3B122584BD10063ECAA /* Aruba */ = {
			isa = PBXNativeTarget;
			buildConfigurationList = 3B26A3DA22584BD30063ECAA /* Build configuration list for PBXNativeTarget "Aruba" */;
			buildPhases = (
				3B26A3AE22584BD10063ECAA /* Sources */,
				3B26A3AF22584BD10063ECAA /* Frameworks */,
				3B26A3B022584BD10063ECAA /* Resources */,
			);
			buildRules = (
			);
			dependencies = (
			);
			name = Aruba;
			productName = Aruba;
			productReference = 3B26A3B222584BD10063ECAA /* Aruba.app */;
			productType = "com.apple.product-type.application";
		};
		3B26A3C522584BD30063ECAA /* ArubaTests */ = {
			isa = PBXNativeTarget;
			buildConfigurationList = 3B26A3DD22584BD30063ECAA /* Build configuration list for PBXNativeTarget "ArubaTests" */;
			buildPhases = (
				3B26A3C222584BD30063ECAA /* Sources */,
				3B26A3C322584BD30063ECAA /* Frameworks */,
				3B26A3C422584BD30063ECAA /* Resources */,
			);
			buildRules = (
			);
			dependencies = (
				3B26A3C822584BD30063ECAA /* PBXTargetDependency */,
			);
			name = ArubaTests;
			productName = ArubaTests;
			productReference = 3B26A3C622584BD30063ECAA /* ArubaTests.xctest */;
			productType = "com.apple.product-type.bundle.unit-test";
		};
		3B26A3D022584BD30063ECAA /* ArubaUITests */ = {
			isa = PBXNativeTarget;
			buildConfigurationList = 3B26A3E022584BD30063ECAA /* Build configuration list for PBXNativeTarget "ArubaUITests" */;
			buildPhases = (
				3B26A3CD22584BD30063ECAA /* Sources */,
				3B26A3CE22584BD30063ECAA /* Frameworks */,
				3B26A3CF22584BD30063ECAA /* Resources */,
			);
			buildRules = (
			);
			dependencies = (
				3B26A3D322584BD30063ECAA /* PBXTargetDependency */,
			);
			name = ArubaUITests;
			productName = ArubaUITests;
			productReference = 3B26A3D122584BD30063ECAA /* ArubaUITests.xctest */;
			productType = "com.apple.product-type.bundle.ui-testing";
		};
/* End PBXNativeTarget section */

/* Begin PBXProject section */
		3B26A3AA22584BD10063ECAA /* Project object */ = {
			isa = PBXProject;
			attributes = {
				LastSwiftUpdateCheck = 1020;
				LastUpgradeCheck = 1020;
				ORGANIZATIONNAME = "Javier Rivarola";
				TargetAttributes = {
					3B26A3B122584BD10063ECAA = {
						CreatedOnToolsVersion = 10.2;
					};
					3B26A3C522584BD30063ECAA = {
						CreatedOnToolsVersion = 10.2;
						TestTargetID = 3B26A3B122584BD10063ECAA;
					};
					3B26A3D022584BD30063ECAA = {
						CreatedOnToolsVersion = 10.2;
						TestTargetID = 3B26A3B122584BD10063ECAA;
					};
				};
			};
			buildConfigurationList = 3B26A3AD22584BD10063ECAA /* Build configuration list for PBXProject "Aruba" */;
			compatibilityVersion = "Xcode 9.3";
			developmentRegion = en;
			hasScannedForEncodings = 0;
			knownRegions = (
				en,
				Base,
			);
			mainGroup = 3B26A3A922584BD10063ECAA;
			productRefGroup = 3B26A3B322584BD10063ECAA /* Products */;
			projectDirPath = "";
			projectRoot = "";
			targets = (
				3B26A3B122584BD10063ECAA /* Aruba */,
				3B26A3C522584BD30063ECAA /* ArubaTests */,
				3B26A3D022584BD30063ECAA /* ArubaUITests */,
			);
		};
/* End PBXProject section */

/* Begin PBXResourcesBuildPhase section */
		3B26A3B022584BD10063ECAA /* Resources */ = {
			isa = PBXResourcesBuildPhase;
			buildActionMask = 2147483647;
			files = (
				3B26A3C022584BD30063ECAA /* LaunchScreen.storyboard in Resources */,
				3B26A3BD22584BD30063ECAA /* Assets.xcassets in Resources */,
				3B26A3BB22584BD10063ECAA /* Main.storyboard in Resources */,
			);
			runOnlyForDeploymentPostprocessing = 0;
		};
		3B26A3C422584BD30063ECAA /* Resources */ = {
			isa = PBXResourcesBuildPhase;
			buildActionMask = 2147483647;
			files = (
			);
			runOnlyForDeploymentPostprocessing = 0;
		};
		3B26A3CF22584BD30063ECAA /* Resources */ = {
			isa = PBXResourcesBuildPhase;
			buildActionMask = 2147483647;
			files = (
			);
			runOnlyForDeploymentPostprocessing = 0;
		};
/* End PBXResourcesBuildPhase section */

/* Begin PBXSourcesBuildPhase section */
		3B26A3AE22584BD10063ECAA /* Sources */ = {
			isa = PBXSourcesBuildPhase;
			buildActionMask = 2147483647;
			files = (
				3B26A3B822584BD10063ECAA /* ViewController.swift in Sources */,
				3B26A3B622584BD10063ECAA /* AppDelegate.swift in Sources */,
			);
			runOnlyForDeploymentPostprocessing = 0;
		};
		3B26A3C222584BD30063ECAA /* Sources */ = {
			isa = PBXSourcesBuildPhase;
			buildActionMask = 2147483647;
			files = (
				3B26A3CB22584BD30063ECAA /* ArubaTests.swift in Sources */,
			);
			runOnlyForDeploymentPostprocessing = 0;
		};
		3B26A3CD22584BD30063ECAA /* Sources */ = {
			isa = PBXSourcesBuildPhase;
			buildActionMask = 2147483647;
			files = (
				3B26A3D622584BD30063ECAA /* ArubaUITests.swift in Sources */,
			);
			runOnlyForDeploymentPostprocessing = 0;
		};
/* End PBXSourcesBuildPhase section */

/* Begin PBXTargetDependency section */
		3B26A3C822584BD30063ECAA /* PBXTargetDependency */ = {
			isa = PBXTargetDependency;
			target = 3B26A3B122584BD10063ECAA /* Aruba */;
			targetProxy = 3B26A3C722584BD30063ECAA /* PBXContainerItemProxy */;
		};
		3B26A3D322584BD30063ECAA /* PBXTargetDependency */ = {
			isa = PBXTargetDependency;
			target = 3B26A3B122584BD10063ECAA /* Aruba */;
			targetProxy = 3B26A3D222584BD30063ECAA /* PBXContainerItemProxy */;
		};
/* End PBXTargetDependency section */

/* Begin PBXVariantGroup section */
		3B26A3B922584BD10063ECAA /* Main.storyboard */ = {
			isa = PBXVariantGroup;
			children = (
				3B26A3BA22584BD10063ECAA /* Base */,
			);
			name = Main.storyboard;
			sourceTree = "<group>";
		};
		3B26A3BE22584BD30063ECAA /* LaunchScreen.storyboard */ = {
			isa = PBXVariantGroup;
			children = (
				3B26A3BF22584BD30063ECAA /* Base */,
			);
			name = LaunchScreen.storyboard;
			sourceTree = "<group>";
		};
/* End PBXVariantGroup section */

/* Begin XCBuildConfiguration section */
		3B26A3D822584BD30063ECAA /* Debug */ = {
			isa = XCBuildConfiguration;
			buildSettings = {
				ALWAYS_SEARCH_USER_PATHS = NO;
				CLANG_ANALYZER_NONNULL = YES;
				CLANG_ANALYZER_NUMBER_OBJECT_CONVERSION = YES_AGGRESSIVE;
				CLANG_CXX_LANGUAGE_STANDARD = "gnu++14";
				CLANG_CXX_LIBRARY = "libc++";
				CLANG_ENABLE_MODULES = YES;
				CLANG_ENABLE_OBJC_ARC = YES;
				CLANG_ENABLE_OBJC_WEAK = YES;
				CLANG_WARN_BLOCK_CAPTURE_AUTORELEASING = YES;
				CLANG_WARN_BOOL_CONVERSION = YES;
				CLANG_WARN_COMMA = YES;
				CLANG_WARN_CONSTANT_CONVERSION = YES;
				CLANG_WARN_DEPRECATED_OBJC_IMPLEMENTATIONS = YES;
				CLANG_WARN_DIRECT_OBJC_ISA_USAGE = YES_ERROR;
				CLANG_WARN_DOCUMENTATION_COMMENTS = YES;
				CLANG_WARN_EMPTY_BODY = YES;
				CLANG_WARN_ENUM_CONVERSION = YES;
				CLANG_WARN_INFINITE_RECURSION = YES;
				CLANG_WARN_INT_CONVERSION = YES;
				CLANG_WARN_NON_LITERAL_NULL_CONVERSION = YES;
				CLANG_WARN_OBJC_IMPLICIT_RETAIN_SELF = YES;
				CLANG_WARN_OBJC_LITERAL_CONVERSION = YES;
				CLANG_WARN_OBJC_ROOT_CLASS = YES_ERROR;
				CLANG_WARN_RANGE_LOOP_ANALYSIS = YES;
				CLANG_WARN_STRICT_PROTOTYPES = YES;
				CLANG_WARN_SUSPICIOUS_MOVE = YES;
				CLANG_WARN_UNGUARDED_AVAILABILITY = YES_AGGRESSIVE;
				CLANG_WARN_UNREACHABLE_CODE = YES;
				CLANG_WARN__DUPLICATE_METHOD_MATCH = YES;
				CODE_SIGN_IDENTITY = "iPhone Developer";
				COPY_PHASE_STRIP = NO;
				DEBUG_INFORMATION_FORMAT = dwarf;
				ENABLE_STRICT_OBJC_MSGSEND = YES;
				ENABLE_TESTABILITY = YES;
				GCC_C_LANGUAGE_STANDARD = gnu11;
				GCC_DYNAMIC_NO_PIC = NO;
				GCC_NO_COMMON_BLOCKS = YES;
				GCC_OPTIMIZATION_LEVEL = 0;
				GCC_PREPROCESSOR_DEFINITIONS = (
					"DEBUG=1",
					"$(inherited)",
				);
				GCC_WARN_64_TO_32_BIT_CONVERSION = YES;
				GCC_WARN_ABOUT_RETURN_TYPE = YES_ERROR;
				GCC_WARN_UNDECLARED_SELECTOR = YES;
				GCC_WARN_UNINITIALIZED_AUTOS = YES_AGGRESSIVE;
				GCC_WARN_UNUSED_FUNCTION = YES;
				GCC_WARN_UNUSED_VARIABLE = YES;
				IPHONEOS_DEPLOYMENT_TARGET = 12.2;
				MTL_ENABLE_DEBUG_INFO = INCLUDE_SOURCE;
				MTL_FAST_MATH = YES;
				ONLY_ACTIVE_ARCH = YES;
				SDKROOT = iphoneos;
				SWIFT_ACTIVE_COMPILATION_CONDITIONS = DEBUG;
				SWIFT_OPTIMIZATION_LEVEL = "-Onone";
			};
			name = Debug;
		};
		3B26A3D922584BD30063ECAA /* Release */ = {
			isa = XCBuildConfiguration;
			buildSettings = {
				ALWAYS_SEARCH_USER_PATHS = NO;
				CLANG_ANALYZER_NONNULL = YES;
				CLANG_ANALYZER_NUMBER_OBJECT_CONVERSION = YES_AGGRESSIVE;
				CLANG_CXX_LANGUAGE_STANDARD = "gnu++14";
				CLANG_CXX_LIBRARY = "libc++";
				CLANG_ENABLE_MODULES = YES;
				CLANG_ENABLE_OBJC_ARC = YES;
				CLANG_ENABLE_OBJC_WEAK = YES;
				CLANG_WARN_BLOCK_CAPTURE_AUTORELEASING = YES;
				CLANG_WARN_BOOL_CONVERSION = YES;
				CLANG_WARN_COMMA = YES;
				CLANG_WARN_CONSTANT_CONVERSION = YES;
				CLANG_WARN_DEPRECATED_OBJC_IMPLEMENTATIONS = YES;
				CLANG_WARN_DIRECT_OBJC_ISA_USAGE = YES_ERROR;
				CLANG_WARN_DOCUMENTATION_COMMENTS = YES;
				CLANG_WARN_EMPTY_BODY = YES;
				CLANG_WARN_ENUM_CONVERSION = YES;
				CLANG_WARN_INFINITE_RECURSION = YES;
				CLANG_WARN_INT_CONVERSION = YES;
				CLANG_WARN_NON_LITERAL_NULL_CONVERSION = YES;
				CLANG_WARN_OBJC_IMPLICIT_RETAIN_SELF = YES;
				CLANG_WARN_OBJC_LITERAL_CONVERSION = YES;
				CLANG_WARN_OBJC_ROOT_CLASS = YES_ERROR;
				CLANG_WARN_RANGE_LOOP_ANALYSIS = YES;
				CLANG_WARN_STRICT_PROTOTYPES = YES;
				CLANG_WARN_SUSPICIOUS_MOVE = YES;
				CLANG_WARN_UNGUARDED_AVAILABILITY = YES_AGGRESSIVE;
				CLANG_WARN_UNREACHABLE_CODE = YES;
				CLANG_WARN__DUPLICATE_METHOD_MATCH = YES;
				CODE_SIGN_IDENTITY = "iPhone Developer";
				COPY_PHASE_STRIP = NO;
				DEBUG_INFORMATION_FORMAT = "dwarf-with-dsym";
				ENABLE_NS_ASSERTIONS = NO;
				ENABLE_STRICT_OBJC_MSGSEND = YES;
				GCC_C_LANGUAGE_STANDARD = gnu11;
				GCC_NO_COMMON_BLOCKS = YES;
				GCC_WARN_64_TO_32_BIT_CONVERSION = YES;
				GCC_WARN_ABOUT_RETURN_TYPE = YES_ERROR;
				GCC_WARN_UNDECLARED_SELECTOR = YES;
				GCC_WARN_UNINITIALIZED_AUTOS = YES_AGGRESSIVE;
				GCC_WARN_UNUSED_FUNCTION = YES;
				GCC_WARN_UNUSED_VARIABLE = YES;
				IPHONEOS_DEPLOYMENT_TARGET = 12.2;
				MTL_ENABLE_DEBUG_INFO = NO;
				MTL_FAST_MATH = YES;
				SDKROOT = iphoneos;
				SWIFT_COMPILATION_MODE = wholemodule;
				SWIFT_OPTIMIZATION_LEVEL = "-O";
				VALIDATE_PRODUCT = YES;
			};
			name = Release;
		};
		3B26A3DB22584BD30063ECAA /* Debug */ = {
			isa = XCBuildConfiguration;
			buildSettings = {
				ASSETCATALOG_COMPILER_APPICON_NAME = AppIcon;
				CODE_SIGN_STYLE = Automatic;
				DEVELOPMENT_TEAM = P5FUN8DH8K;
				INFOPLIST_FILE = Aruba/Info.plist;
				LD_RUNPATH_SEARCH_PATHS = (
					"$(inherited)",
					"@executable_path/Frameworks",
				);
				PRODUCT_BUNDLE_IDENTIFIER = py.com.nextgen.Aruba;
				PRODUCT_NAME = "$(TARGET_NAME)";
				SWIFT_VERSION = 5.0;
				TARGETED_DEVICE_FAMILY = "1,2";
			};
			name = Debug;
		};
		3B26A3DC22584BD30063ECAA /* Release */ = {
			isa = XCBuildConfiguration;
			buildSettings = {
				ASSETCATALOG_COMPILER_APPICON_NAME = AppIcon;
				CODE_SIGN_STYLE = Automatic;
				DEVELOPMENT_TEAM = P5FUN8DH8K;
				INFOPLIST_FILE = Aruba/Info.plist;
				LD_RUNPATH_SEARCH_PATHS = (
					"$(inherited)",
					"@executable_path/Frameworks",
				);
				PRODUCT_BUNDLE_IDENTIFIER = py.com.nextgen.Aruba;
				PRODUCT_NAME = "$(TARGET_NAME)";
				SWIFT_VERSION = 5.0;
				TARGETED_DEVICE_FAMILY = "1,2";
			};
			name = Release;
		};
		3B26A3DE22584BD30063ECAA /* Debug */ = {
			isa = XCBuildConfiguration;
			buildSettings = {
				ALWAYS_EMBED_SWIFT_STANDARD_LIBRARIES = YES;
				BUNDLE_LOADER = "$(TEST_HOST)";
				CODE_SIGN_STYLE = Automatic;
				DEVELOPMENT_TEAM = P5FUN8DH8K;
				INFOPLIST_FILE = ArubaTests/Info.plist;
				LD_RUNPATH_SEARCH_PATHS = (
					"$(inherited)",
					"@executable_path/Frameworks",
					"@loader_path/Frameworks",
				);
				PRODUCT_BUNDLE_IDENTIFIER = py.com.nextgen.ArubaTests;
				PRODUCT_NAME = "$(TARGET_NAME)";
				SWIFT_VERSION = 5.0;
				TARGETED_DEVICE_FAMILY = "1,2";
				TEST_HOST = "$(BUILT_PRODUCTS_DIR)/Aruba.app/Aruba";
			};
			name = Debug;
		};
		3B26A3DF22584BD30063ECAA /* Release */ = {
			isa = XCBuildConfiguration;
			buildSettings = {
				ALWAYS_EMBED_SWIFT_STANDARD_LIBRARIES = YES;
				BUNDLE_LOADER = "$(TEST_HOST)";
				CODE_SIGN_STYLE = Automatic;
				DEVELOPMENT_TEAM = P5FUN8DH8K;
				INFOPLIST_FILE = ArubaTests/Info.plist;
				LD_RUNPATH_SEARCH_PATHS = (
					"$(inherited)",
					"@executable_path/Frameworks",
					"@loader_path/Frameworks",
				);
				PRODUCT_BUNDLE_IDENTIFIER = py.com.nextgen.ArubaTests;
				PRODUCT_NAME = "$(TARGET_NAME)";
				SWIFT_VERSION = 5.0;
				TARGETED_DEVICE_FAMILY = "1,2";
				TEST_HOST = "$(BUILT_PRODUCTS_DIR)/Aruba.app/Aruba";
			};
			name = Release;
		};
		3B26A3E122584BD30063ECAA /* Debug */ = {
			isa = XCBuildConfiguration;
			buildSettings = {
				ALWAYS_EMBED_SWIFT_STANDARD_LIBRARIES = YES;
				CODE_SIGN_STYLE = Automatic;
				DEVELOPMENT_TEAM = P5FUN8DH8K;
				INFOPLIST_FILE = ArubaUITests/Info.plist;
				LD_RUNPATH_SEARCH_PATHS = (
					"$(inherited)",
					"@executable_path/Frameworks",
					"@loader_path/Frameworks",
				);
				PRODUCT_BUNDLE_IDENTIFIER = py.com.nextgen.ArubaUITests;
				PRODUCT_NAME = "$(TARGET_NAME)";
				SWIFT_VERSION = 5.0;
				TARGETED_DEVICE_FAMILY = "1,2";
				TEST_TARGET_NAME = Aruba;
			};
			name = Debug;
		};
		3B26A3E222584BD30063ECAA /* Release */ = {
			isa = XCBuildConfiguration;
			buildSettings = {
				ALWAYS_EMBED_SWIFT_STANDARD_LIBRARIES = YES;
				CODE_SIGN_STYLE = Automatic;
				DEVELOPMENT_TEAM = P5FUN8DH8K;
				INFOPLIST_FILE = ArubaUITests/Info.plist;
				LD_RUNPATH_SEARCH_PATHS = (
					"$(inherited)",
					"@executable_path/Frameworks",
					"@loader_path/Frameworks",
				);
				PRODUCT_BUNDLE_IDENTIFIER = py.com.nextgen.ArubaUITests;
				PRODUCT_NAME = "$(TARGET_NAME)";
				SWIFT_VERSION = 5.0;
				TARGETED_DEVICE_FAMILY = "1,2";
				TEST_TARGET_NAME = Aruba;
			};
			name = Release;
		};
/* End XCBuildConfiguration section */

/* Begin XCConfigurationList section */
		3B26A3AD22584BD10063ECAA /* Build configuration list for PBXProject "Aruba" */ = {
			isa = XCConfigurationList;
			buildConfigurations = (
				3B26A3D822584BD30063ECAA /* Debug */,
				3B26A3D922584BD30063ECAA /* Release */,
			);
			defaultConfigurationIsVisible = 0;
			defaultConfigurationName = Release;
		};
		3B26A3DA22584BD30063ECAA /* Build configuration list for PBXNativeTarget "Aruba" */ = {
			isa = XCConfigurationList;
			buildConfigurations = (
				3B26A3DB22584BD30063ECAA /* Debug */,
				3B26A3DC22584BD30063ECAA /* Release */,
			);
			defaultConfigurationIsVisible = 0;
			defaultConfigurationName = Release;
		};
		3B26A3DD22584BD30063ECAA /* Build configuration list for PBXNativeTarget "ArubaTests" */ = {
			isa = XCConfigurationList;
			buildConfigurations = (
				3B26A3DE22584BD30063ECAA /* Debug */,
				3B26A3DF22584BD30063ECAA /* Release */,
			);
			defaultConfigurationIsVisible = 0;
			defaultConfigurationName = Release;
		};
		3B26A3E022584BD30063ECAA /* Build configuration list for PBXNativeTarget "ArubaUITests" */ = {
			isa = XCConfigurationList;
			buildConfigurations = (
				3B26A3E122584BD30063ECAA /* Debug */,
				3B26A3E222584BD30063ECAA /* Release */,
			);
			defaultConfigurationIsVisible = 0;
			defaultConfigurationName = Release;
		};
/* End XCConfigurationList section */
	};
	rootObject = 3B26A3AA22584BD10063ECAA /* Project object */;
}
