// !$*UTF8*$!
{
	archiveVersion = 1;
	classes = {
	};
	objectVersion = 51;
	objects = {

/* Begin PBXBuildFile section */
		3B02964B228A4C1300D08789 /* UserManager.swift in Sources */ = {isa = PBXBuildFile; fileRef = 3B02964A228A4C1300D08789 /* UserManager.swift */; };
		3B02964D228E070000D08789 /* success.json in Resources */ = {isa = PBXBuildFile; fileRef = 3B02964C228E070000D08789 /* success.json */; };
		3B02964F228EF6E600D08789 /* DefaultResponse.swift in Sources */ = {isa = PBXBuildFile; fileRef = 3B02964E228EF6E600D08789 /* DefaultResponse.swift */; };
		3B048EEB226CBA5800EBE6FD /* GoogleService-Info.plist in Resources */ = {isa = PBXBuildFile; fileRef = 3B048EEA226CBA5800EBE6FD /* GoogleService-Info.plist */; };
		3B048EF1226CF8B400EBE6FD /* ARoundImage.swift in Sources */ = {isa = PBXBuildFile; fileRef = 3B048EF0226CF8B400EBE6FD /* ARoundImage.swift */; };
		3B048EF3226CFC3600EBE6FD /* ABoxView.swift in Sources */ = {isa = PBXBuildFile; fileRef = 3B048EF2226CFC3600EBE6FD /* ABoxView.swift */; };
		3B048EF5226D001100EBE6FD /* ALoader.swift in Sources */ = {isa = PBXBuildFile; fileRef = 3B048EF4226D001100EBE6FD /* ALoader.swift */; };
		3B048EF8226D00FA00EBE6FD /* SuccessScheduleViewController.swift in Sources */ = {isa = PBXBuildFile; fileRef = 3B048EF7226D00FA00EBE6FD /* SuccessScheduleViewController.swift */; };
		3B048EFA226D04D200EBE6FD /* String+Utils.swift in Sources */ = {isa = PBXBuildFile; fileRef = 3B048EF9226D04D200EBE6FD /* String+Utils.swift */; };
		3B048EFD226D08AF00EBE6FD /* Person.swift in Sources */ = {isa = PBXBuildFile; fileRef = 3B048EFC226D08AF00EBE6FD /* Person.swift */; };
		3B048EFF226D08BA00EBE6FD /* ScheduleData.swift in Sources */ = {isa = PBXBuildFile; fileRef = 3B048EFE226D08BA00EBE6FD /* ScheduleData.swift */; };
		3B048F02227F170A00EBE6FD /* ATextField.swift in Sources */ = {isa = PBXBuildFile; fileRef = 3B048F01227F170A00EBE6FD /* ATextField.swift */; };
		3B048F05227F192C00EBE6FD /* AuthManager.swift in Sources */ = {isa = PBXBuildFile; fileRef = 3B048F04227F192C00EBE6FD /* AuthManager.swift */; };
		3B069B7A2396E7C9003B5479 /* SplashLoaderViewController.swift in Sources */ = {isa = PBXBuildFile; fileRef = 3B069B792396E7C9003B5479 /* SplashLoaderViewController.swift */; };
		3B069B7C2396EBBD003B5479 /* AlertManager.swift in Sources */ = {isa = PBXBuildFile; fileRef = 3B069B7B2396EBBD003B5479 /* AlertManager.swift */; };
		3B1D252023C64FC300EBA30C /* RateProfessionalResponse.swift in Sources */ = {isa = PBXBuildFile; fileRef = 3B1D251F23C64FC300EBA30C /* RateProfessionalResponse.swift */; };
		3B1D90B223B5373D003D01D1 /* HistoryViewController.swift in Sources */ = {isa = PBXBuildFile; fileRef = 3B1D90B123B5373D003D01D1 /* HistoryViewController.swift */; };
		3B1D90B623B5384C003D01D1 /* HistoryTableViewCell.swift in Sources */ = {isa = PBXBuildFile; fileRef = 3B1D90B423B5384C003D01D1 /* HistoryTableViewCell.swift */; };
		3B1D90B723B5384C003D01D1 /* HistoryTableViewCell.xib in Resources */ = {isa = PBXBuildFile; fileRef = 3B1D90B523B5384C003D01D1 /* HistoryTableViewCell.xib */; };
		3B26A3B622584BD10063ECAA /* AppDelegate.swift in Sources */ = {isa = PBXBuildFile; fileRef = 3B26A3B522584BD10063ECAA /* AppDelegate.swift */; };
		3B26A3BB22584BD10063ECAA /* Main.storyboard in Resources */ = {isa = PBXBuildFile; fileRef = 3B26A3B922584BD10063ECAA /* Main.storyboard */; };
		3B26A3BD22584BD30063ECAA /* Assets.xcassets in Resources */ = {isa = PBXBuildFile; fileRef = 3B26A3BC22584BD30063ECAA /* Assets.xcassets */; };
		3B26A3C022584BD30063ECAA /* LaunchScreen.storyboard in Resources */ = {isa = PBXBuildFile; fileRef = 3B26A3BE22584BD30063ECAA /* LaunchScreen.storyboard */; };
		3B26A3CB22584BD30063ECAA /* ArubaTests.swift in Sources */ = {isa = PBXBuildFile; fileRef = 3B26A3CA22584BD30063ECAA /* ArubaTests.swift */; };
		3B26A3D622584BD30063ECAA /* ArubaUITests.swift in Sources */ = {isa = PBXBuildFile; fileRef = 3B26A3D522584BD30063ECAA /* ArubaUITests.swift */; };
		3B28FFEC22594809004268CB /* PopupTableViewController.swift in Sources */ = {isa = PBXBuildFile; fileRef = 3B28FFEB22594809004268CB /* PopupTableViewController.swift */; };
		3B28FFEE22594892004268CB /* APopoverTableViewController.swift in Sources */ = {isa = PBXBuildFile; fileRef = 3B28FFED22594892004268CB /* APopoverTableViewController.swift */; };
		3B28FFF022594C6B004268CB /* UIViewController+Utils.swift in Sources */ = {isa = PBXBuildFile; fileRef = 3B28FFEF22594C6B004268CB /* UIViewController+Utils.swift */; };
		3B28FFF222595165004268CB /* BaseTableViewController.swift in Sources */ = {isa = PBXBuildFile; fileRef = 3B28FFF122595165004268CB /* BaseTableViewController.swift */; };
		3B28FFF522595178004268CB /* BaseViewController.swift in Sources */ = {isa = PBXBuildFile; fileRef = 3B28FFF422595178004268CB /* BaseViewController.swift */; };
		3B28FFFA22595588004268CB /* Lato-Bold.ttf in Resources */ = {isa = PBXBuildFile; fileRef = 3B28FFF722595588004268CB /* Lato-Bold.ttf */; };
		3B28FFFB22595588004268CB /* Lato-Regular.ttf in Resources */ = {isa = PBXBuildFile; fileRef = 3B28FFF822595588004268CB /* Lato-Regular.ttf */; };
		3B28FFFC22595588004268CB /* Lato-Black.ttf in Resources */ = {isa = PBXBuildFile; fileRef = 3B28FFF922595588004268CB /* Lato-Black.ttf */; };
		3B39509623954B3A004FD9B8 /* ServiceCategoryListResponse.swift in Sources */ = {isa = PBXBuildFile; fileRef = 3B39509523954B3A004FD9B8 /* ServiceCategoryListResponse.swift */; };
		3B395098239561C1004FD9B8 /* UserMeResponse.swift in Sources */ = {isa = PBXBuildFile; fileRef = 3B395097239561C1004FD9B8 /* UserMeResponse.swift */; };
		3B3BDBFF23B53FEE00BBB7B3 /* UserAppointmentList.swift in Sources */ = {isa = PBXBuildFile; fileRef = 3B3BDBFE23B53FEE00BBB7B3 /* UserAppointmentList.swift */; };
		3B3FC0E323D6694400FF53FA /* ContactInfoTableViewController.swift in Sources */ = {isa = PBXBuildFile; fileRef = 3B3FC0E223D6694400FF53FA /* ContactInfoTableViewController.swift */; };
		3B3FC0E523D66E3400FF53FA /* PrivacyViewController.swift in Sources */ = {isa = PBXBuildFile; fileRef = 3B3FC0E423D66E3400FF53FA /* PrivacyViewController.swift */; };
		3B42E61423F855E0001F1A94 /* ProfessionalScheduleTableViewCell.swift in Sources */ = {isa = PBXBuildFile; fileRef = 3B42E61223F855E0001F1A94 /* ProfessionalScheduleTableViewCell.swift */; };
		3B42E61523F855E0001F1A94 /* ProfessionalScheduleTableViewCell.xib in Resources */ = {isa = PBXBuildFile; fileRef = 3B42E61323F855E0001F1A94 /* ProfessionalScheduleTableViewCell.xib */; };
		3B42E61823F8585D001F1A94 /* ProfessionalScheduleTimeCollectionViewCell.swift in Sources */ = {isa = PBXBuildFile; fileRef = 3B42E61623F8585D001F1A94 /* ProfessionalScheduleTimeCollectionViewCell.swift */; };
		3B42E61923F8585D001F1A94 /* ProfessionalScheduleTimeCollectionViewCell.xib in Resources */ = {isa = PBXBuildFile; fileRef = 3B42E61723F8585D001F1A94 /* ProfessionalScheduleTimeCollectionViewCell.xib */; };
		3B42E61B23F86F76001F1A94 /* APaddedLabel.swift in Sources */ = {isa = PBXBuildFile; fileRef = 3B42E61A23F86F76001F1A94 /* APaddedLabel.swift */; };
		3B42E61D23F87B7C001F1A94 /* DateCollectionViewCell.swift in Sources */ = {isa = PBXBuildFile; fileRef = 3B42E61C23F87B7C001F1A94 /* DateCollectionViewCell.swift */; };
		3B42E61F23F88C1A001F1A94 /* ProfessionalsAvailableScheduleResponse.swift in Sources */ = {isa = PBXBuildFile; fileRef = 3B42E61E23F88C1A001F1A94 /* ProfessionalsAvailableScheduleResponse.swift */; };
		3B456CA2239C12700009B343 /* ServiceCategorySelectionPopupTableViewController.swift in Sources */ = {isa = PBXBuildFile; fileRef = 3B456CA1239C12700009B343 /* ServiceCategorySelectionPopupTableViewController.swift */; };
		3B4F5FDE23D36D8800C38C31 /* ProfileViewController.swift in Sources */ = {isa = PBXBuildFile; fileRef = 3B4F5FDD23D36D8800C38C31 /* ProfileViewController.swift */; };
		3B4F5FE023D374D700C38C31 /* AddressesTableViewController.swift in Sources */ = {isa = PBXBuildFile; fileRef = 3B4F5FDF23D374D700C38C31 /* AddressesTableViewController.swift */; };
		3B4F5FE223D4B1B500C38C31 /* UserRegisterDeviceResponse.swift in Sources */ = {isa = PBXBuildFile; fileRef = 3B4F5FE123D4B1B500C38C31 /* UserRegisterDeviceResponse.swift */; };
		3B4F5FE423D4B47000C38C31 /* UserDeviceListResponse.swift in Sources */ = {isa = PBXBuildFile; fileRef = 3B4F5FE323D4B47000C38C31 /* UserDeviceListResponse.swift */; };
		3B4F5FE623D4E94300C38C31 /* UserRegisterNewTaxResponse.swift in Sources */ = {isa = PBXBuildFile; fileRef = 3B4F5FE523D4E94300C38C31 /* UserRegisterNewTaxResponse.swift */; };
		3B639522239EB376005E0CB4 /* Constants.swift in Sources */ = {isa = PBXBuildFile; fileRef = 3B639521239EB376005E0CB4 /* Constants.swift */; };
		3B639524239ED243005E0CB4 /* FilterProfessionalResponse.swift in Sources */ = {isa = PBXBuildFile; fileRef = 3B639523239ED243005E0CB4 /* FilterProfessionalResponse.swift */; };
		3B67BA4022690FC500871F77 /* ProductDescriptionPopupTableViewController.swift in Sources */ = {isa = PBXBuildFile; fileRef = 3B67BA3F22690FC500871F77 /* ProductDescriptionPopupTableViewController.swift */; };
		3B6CE45122961F6500FB19AC /* ServicesListResponse.swift in Sources */ = {isa = PBXBuildFile; fileRef = 3B6CE45022961F6500FB19AC /* ServicesListResponse.swift */; };
		3B6CE453229AAD4300FB19AC /* LoginTableViewController.swift in Sources */ = {isa = PBXBuildFile; fileRef = 3B6CE452229AAD4300FB19AC /* LoginTableViewController.swift */; };
		3B6CE455229AB87600FB19AC /* AFont.swift in Sources */ = {isa = PBXBuildFile; fileRef = 3B6CE454229AB87600FB19AC /* AFont.swift */; };
		3B6CE457229B660D00FB19AC /* UserAddressListResponse.swift in Sources */ = {isa = PBXBuildFile; fileRef = 3B6CE456229B660D00FB19AC /* UserAddressListResponse.swift */; };
		3B6EC9F823BE542600F94A89 /* Professionals.storyboard in Resources */ = {isa = PBXBuildFile; fileRef = 3B6EC9F723BE542600F94A89 /* Professionals.storyboard */; };
		3B6EC9FB23BE56A700F94A89 /* ProfessionalsViewController.swift in Sources */ = {isa = PBXBuildFile; fileRef = 3B6EC9FA23BE56A700F94A89 /* ProfessionalsViewController.swift */; };
		3B6EC9FD23BE57CF00F94A89 /* ProfessionalsTableViewController.swift in Sources */ = {isa = PBXBuildFile; fileRef = 3B6EC9FC23BE57CF00F94A89 /* ProfessionalsTableViewController.swift */; };
		3B6ECA0023BE634800F94A89 /* ProfessionalListTableViewCell.swift in Sources */ = {isa = PBXBuildFile; fileRef = 3B6EC9FE23BE634800F94A89 /* ProfessionalListTableViewCell.swift */; };
		3B6ECA0123BE634800F94A89 /* ProfessionalListTableViewCell.xib in Resources */ = {isa = PBXBuildFile; fileRef = 3B6EC9FF23BE634800F94A89 /* ProfessionalListTableViewCell.xib */; };
		3B72058523BFF1D2001FBCA4 /* RateProfessionalTableViewController.swift in Sources */ = {isa = PBXBuildFile; fileRef = 3B72058423BFF1D2001FBCA4 /* RateProfessionalTableViewController.swift */; };
		3B7D4BC523E5E7C400FA6FDA /* HistoryServiceTableViewCell.swift in Sources */ = {isa = PBXBuildFile; fileRef = 3B7D4BC323E5E7C400FA6FDA /* HistoryServiceTableViewCell.swift */; };
		3B7D4BC623E5E7C400FA6FDA /* HistoryServiceTableViewCell.xib in Resources */ = {isa = PBXBuildFile; fileRef = 3B7D4BC423E5E7C400FA6FDA /* HistoryServiceTableViewCell.xib */; };
		3B7D4BC823E5ECB900FA6FDA /* aruba_loading.json in Resources */ = {isa = PBXBuildFile; fileRef = 3B7D4BC723E5ECB900FA6FDA /* aruba_loading.json */; };
		3B7D4BCA23E6022E00FA6FDA /* like_aruba.json in Resources */ = {isa = PBXBuildFile; fileRef = 3B7D4BC923E6022D00FA6FDA /* like_aruba.json */; };
		3B7D4BCD23E6029E00FA6FDA /* ProfesionalDetailsViewController.swift in Sources */ = {isa = PBXBuildFile; fileRef = 3B7D4BCC23E6029E00FA6FDA /* ProfesionalDetailsViewController.swift */; };
		3B7D4BCF23E6134C00FA6FDA /* ProfessionalReviewsListResponse.swift in Sources */ = {isa = PBXBuildFile; fileRef = 3B7D4BCE23E6134C00FA6FDA /* ProfessionalReviewsListResponse.swift */; };
		3B7D4BD323E6239600FA6FDA /* calendar_loading.json in Resources */ = {isa = PBXBuildFile; fileRef = 3B7D4BD223E6239600FA6FDA /* calendar_loading.json */; };
		3B7EC0AD225C20A300ED799D /* Schedule.storyboard in Resources */ = {isa = PBXBuildFile; fileRef = 3B7EC0AC225C20A300ED799D /* Schedule.storyboard */; };
		3B7EC0AF225C219200ED799D /* PeopleQuantiySelectionViewController.swift in Sources */ = {isa = PBXBuildFile; fileRef = 3B7EC0AE225C219200ED799D /* PeopleQuantiySelectionViewController.swift */; };
		3B7EC0B1225C21D500ED799D /* PeopleQuantityView.swift in Sources */ = {isa = PBXBuildFile; fileRef = 3B7EC0B0225C21D500ED799D /* PeopleQuantityView.swift */; };
		3B7EC0B3225C21E600ED799D /* PeopleQuantityView.xib in Resources */ = {isa = PBXBuildFile; fileRef = 3B7EC0B2225C21E600ED799D /* PeopleQuantityView.xib */; };
		3B7EC0B5225C2A5200ED799D /* UIView+Utils.swift in Sources */ = {isa = PBXBuildFile; fileRef = 3B7EC0B4225C2A5200ED799D /* UIView+Utils.swift */; };
		3B7EC0B9225C347F00ED799D /* ServiceSelectionTableViewCell.swift in Sources */ = {isa = PBXBuildFile; fileRef = 3B7EC0B7225C347F00ED799D /* ServiceSelectionTableViewCell.swift */; };
		3B7EC0BA225C347F00ED799D /* ServiceSelectionTableViewCell.xib in Resources */ = {isa = PBXBuildFile; fileRef = 3B7EC0B8225C347F00ED799D /* ServiceSelectionTableViewCell.xib */; };
		3B7EC0BC225C352300ED799D /* ServiceSelectionViewController.swift in Sources */ = {isa = PBXBuildFile; fileRef = 3B7EC0BB225C352300ED799D /* ServiceSelectionViewController.swift */; };
		3B7EC0BE225D679700ED799D /* ARoundView.swift in Sources */ = {isa = PBXBuildFile; fileRef = 3B7EC0BD225D679700ED799D /* ARoundView.swift */; };
		3B7EC0C0225D692C00ED799D /* ARoundButton.swift in Sources */ = {isa = PBXBuildFile; fileRef = 3B7EC0BF225D692C00ED799D /* ARoundButton.swift */; };
		3B7EC0C8225D727500ED799D /* DateAssignmentTableViewCell.swift in Sources */ = {isa = PBXBuildFile; fileRef = 3B7EC0C7225D727500ED799D /* DateAssignmentTableViewCell.swift */; };
		3B7EC0CA225D773A00ED799D /* DateAssignmentViewController.swift in Sources */ = {isa = PBXBuildFile; fileRef = 3B7EC0C9225D773A00ED799D /* DateAssignmentViewController.swift */; };
		3B7EC0D42263D4C700ED799D /* DateSelectionCollectionViewCell.swift in Sources */ = {isa = PBXBuildFile; fileRef = 3B7EC0D32263D4C700ED799D /* DateSelectionCollectionViewCell.swift */; };
		3B7EC0D62263E95300ED799D /* DateSelectionViewController.swift in Sources */ = {isa = PBXBuildFile; fileRef = 3B7EC0D52263E95300ED799D /* DateSelectionViewController.swift */; };
		3B7EC0D82263F1B200ED799D /* HourAssignmentViewController.swift in Sources */ = {isa = PBXBuildFile; fileRef = 3B7EC0D72263F1B200ED799D /* HourAssignmentViewController.swift */; };
		3B7EC0DA2263F24800ED799D /* ProgressView.swift in Sources */ = {isa = PBXBuildFile; fileRef = 3B7EC0D92263F24800ED799D /* ProgressView.swift */; };
		3B7EC0DC2263FADC00ED799D /* HourCollectionViewCell.swift in Sources */ = {isa = PBXBuildFile; fileRef = 3B7EC0DB2263FADC00ED799D /* HourCollectionViewCell.swift */; };
		3B7EC0DE2263FFF100ED799D /* BaseNavigationController.swift in Sources */ = {isa = PBXBuildFile; fileRef = 3B7EC0DD2263FFF100ED799D /* BaseNavigationController.swift */; };
		3B7EC0E1226404F400ED799D /* ProfesionalSelectionViewController.swift in Sources */ = {isa = PBXBuildFile; fileRef = 3B7EC0E0226404F400ED799D /* ProfesionalSelectionViewController.swift */; };
		3B7EC0E42264066C00ED799D /* ProfessionalTableViewCell.swift in Sources */ = {isa = PBXBuildFile; fileRef = 3B7EC0E22264066C00ED799D /* ProfessionalTableViewCell.swift */; };
		3B7EC0E52264066C00ED799D /* ProfessionalTableViewCell.xib in Resources */ = {isa = PBXBuildFile; fileRef = 3B7EC0E32264066C00ED799D /* ProfessionalTableViewCell.xib */; };
		3BAF83272282683C0056C0D5 /* AddAddressTableViewController.swift in Sources */ = {isa = PBXBuildFile; fileRef = 3BAF83262282683C0056C0D5 /* AddAddressTableViewController.swift */; };
		3BAF8329228268480056C0D5 /* Addresses.storyboard in Resources */ = {isa = PBXBuildFile; fileRef = 3BAF8328228268480056C0D5 /* Addresses.storyboard */; };
		3BC30F6E23A5479E00BD9700 /* ProfessionalDetailsPopupTableViewController.swift in Sources */ = {isa = PBXBuildFile; fileRef = 3BC30F6D23A5479E00BD9700 /* ProfessionalDetailsPopupTableViewController.swift */; };
		3BC30F7023A54E2B00BD9700 /* CartTableViewController.swift in Sources */ = {isa = PBXBuildFile; fileRef = 3BC30F6F23A54E2B00BD9700 /* CartTableViewController.swift */; };
		3BC30F7223A55BE400BD9700 /* ConfirmViewController.swift in Sources */ = {isa = PBXBuildFile; fileRef = 3BC30F7123A55BE400BD9700 /* ConfirmViewController.swift */; };
		3BC30F7423A7FB7100BD9700 /* CartViewController.swift in Sources */ = {isa = PBXBuildFile; fileRef = 3BC30F7323A7FB7000BD9700 /* CartViewController.swift */; };
		3BC30F7623A800C000BD9700 /* CardPaymentViewController.swift in Sources */ = {isa = PBXBuildFile; fileRef = 3BC30F7523A800C000BD9700 /* CardPaymentViewController.swift */; };
		3BC30F7823A81A2700BD9700 /* CreateAppointmentResponse.swift in Sources */ = {isa = PBXBuildFile; fileRef = 3BC30F7723A81A2700BD9700 /* CreateAppointmentResponse.swift */; };
		3BC30F7A23A8200900BD9700 /* SuccessPopoverTableViewController.swift in Sources */ = {isa = PBXBuildFile; fileRef = 3BC30F7923A8200900BD9700 /* SuccessPopoverTableViewController.swift */; };
		3BD43CF1225856B900AC3411 /* Start.storyboard in Resources */ = {isa = PBXBuildFile; fileRef = 3BD43CF0225856B900AC3411 /* Start.storyboard */; };
		3BD43CF3225858B000AC3411 /* AButton.swift in Sources */ = {isa = PBXBuildFile; fileRef = 3BD43CF2225858B000AC3411 /* AButton.swift */; };
		3BD43CF62258594D00AC3411 /* Colors.swift in Sources */ = {isa = PBXBuildFile; fileRef = 3BD43CF52258594D00AC3411 /* Colors.swift */; };
		3BD43CFB22585B7F00AC3411 /* LandingViewController.swift in Sources */ = {isa = PBXBuildFile; fileRef = 3BD43CFA22585B7F00AC3411 /* LandingViewController.swift */; };
		3BD43CFD22585B9200AC3411 /* RegisterTableViewController.swift in Sources */ = {isa = PBXBuildFile; fileRef = 3BD43CFC22585B9200AC3411 /* RegisterTableViewController.swift */; };
		3BD43CFF22585EF000AC3411 /* HTTPClient.swift in Sources */ = {isa = PBXBuildFile; fileRef = 3BD43CFE22585EF000AC3411 /* HTTPClient.swift */; };
		3BD43D012258608700AC3411 /* JSONDecoder+Utils.swift in Sources */ = {isa = PBXBuildFile; fileRef = 3BD43D002258608700AC3411 /* JSONDecoder+Utils.swift */; };
		3BD43D05225861C300AC3411 /* UserLoginResponse.swift in Sources */ = {isa = PBXBuildFile; fileRef = 3BD43D04225861C300AC3411 /* UserLoginResponse.swift */; };
		3BD43D092258FCC700AC3411 /* HomeTableViewController.swift in Sources */ = {isa = PBXBuildFile; fileRef = 3BD43D082258FCC700AC3411 /* HomeTableViewController.swift */; };
		3BD43D0C2259122B00AC3411 /* SideMenuTableViewController.swift in Sources */ = {isa = PBXBuildFile; fileRef = 3BD43D0B2259122B00AC3411 /* SideMenuTableViewController.swift */; };
		3BD43D0F2259156000AC3411 /* ProfileTableViewController.swift in Sources */ = {isa = PBXBuildFile; fileRef = 3BD43D0E2259156000AC3411 /* ProfileTableViewController.swift */; };
		3BD43D112259170C00AC3411 /* ProfileHeaderTableViewCell.swift in Sources */ = {isa = PBXBuildFile; fileRef = 3BD43D102259170C00AC3411 /* ProfileHeaderTableViewCell.swift */; };
		3BD43D1822591A7100AC3411 /* GenericDataCellTableViewCell.swift in Sources */ = {isa = PBXBuildFile; fileRef = 3BD43D1622591A7100AC3411 /* GenericDataCellTableViewCell.swift */; };
		3BD43D1922591A7100AC3411 /* GenericDataCellTableViewCell.xib in Resources */ = {isa = PBXBuildFile; fileRef = 3BD43D1722591A7100AC3411 /* GenericDataCellTableViewCell.xib */; };
		3BD43D1B22591B2900AC3411 /* AAddress.swift in Sources */ = {isa = PBXBuildFile; fileRef = 3BD43D1A22591B2900AC3411 /* AAddress.swift */; };
		3BD43D1D22591CB000AC3411 /* Tax.swift in Sources */ = {isa = PBXBuildFile; fileRef = 3BD43D1C22591CB000AC3411 /* Tax.swift */; };
		3BD43D2022591FC700AC3411 /* GenericDataCellViewModel.swift in Sources */ = {isa = PBXBuildFile; fileRef = 3BD43D1F22591FC700AC3411 /* GenericDataCellViewModel.swift */; };
		3BD43D2222592B4700AC3411 /* HomeCategoryTableViewCell.swift in Sources */ = {isa = PBXBuildFile; fileRef = 3BD43D2122592B4700AC3411 /* HomeCategoryTableViewCell.swift */; };
		3BD43D2422592DE200AC3411 /* UIColor+Utils.swift in Sources */ = {isa = PBXBuildFile; fileRef = 3BD43D2322592DE200AC3411 /* UIColor+Utils.swift */; };
		3BEEE93923B6729B007570DA /* HistoryDetailsViewController.swift in Sources */ = {isa = PBXBuildFile; fileRef = 3BEEE93823B6729B007570DA /* HistoryDetailsViewController.swift */; };
		4CFB3436FF898A02A3CB1B16 /* Pods_ArubaTests.framework in Frameworks */ = {isa = PBXBuildFile; fileRef = EAB5DFA16BEBD9049A9C88C0 /* Pods_ArubaTests.framework */; };
		504779E3E806BD1CC210E25F /* Pods_ArubaUITests.framework in Frameworks */ = {isa = PBXBuildFile; fileRef = 496D39961CE2E05473FF0CBC /* Pods_ArubaUITests.framework */; };
		C48160F9BD5D0AD5944F0195 /* Pods_Aruba.framework in Frameworks */ = {isa = PBXBuildFile; fileRef = 6D51EC17E35B0F4B48A69CF8 /* Pods_Aruba.framework */; };
/* End PBXBuildFile section */

/* Begin PBXContainerItemProxy section */
		3B26A3C722584BD30063ECAA /* PBXContainerItemProxy */ = {
			isa = PBXContainerItemProxy;
			containerPortal = 3B26A3AA22584BD10063ECAA /* Project object */;
			proxyType = 1;
			remoteGlobalIDString = 3B26A3B122584BD10063ECAA;
			remoteInfo = Aruba;
		};
		3B26A3D222584BD30063ECAA /* PBXContainerItemProxy */ = {
			isa = PBXContainerItemProxy;
			containerPortal = 3B26A3AA22584BD10063ECAA /* Project object */;
			proxyType = 1;
			remoteGlobalIDString = 3B26A3B122584BD10063ECAA;
			remoteInfo = Aruba;
		};
/* End PBXContainerItemProxy section */

/* Begin PBXFileReference section */
		0558D970D0CA945C6C2661E0 /* Pods-Aruba.debug.xcconfig */ = {isa = PBXFileReference; includeInIndex = 1; lastKnownFileType = text.xcconfig; name = "Pods-Aruba.debug.xcconfig"; path = "Pods/Target Support Files/Pods-Aruba/Pods-Aruba.debug.xcconfig"; sourceTree = "<group>"; };
		3B02964A228A4C1300D08789 /* UserManager.swift */ = {isa = PBXFileReference; lastKnownFileType = sourcecode.swift; path = UserManager.swift; sourceTree = "<group>"; };
		3B02964C228E070000D08789 /* success.json */ = {isa = PBXFileReference; fileEncoding = 4; lastKnownFileType = text.json; path = success.json; sourceTree = "<group>"; };
		3B02964E228EF6E600D08789 /* DefaultResponse.swift */ = {isa = PBXFileReference; lastKnownFileType = sourcecode.swift; path = DefaultResponse.swift; sourceTree = "<group>"; };
		3B048EEA226CBA5800EBE6FD /* GoogleService-Info.plist */ = {isa = PBXFileReference; fileEncoding = 4; lastKnownFileType = text.plist.xml; path = "GoogleService-Info.plist"; sourceTree = "<group>"; };
		3B048EF0226CF8B400EBE6FD /* ARoundImage.swift */ = {isa = PBXFileReference; lastKnownFileType = sourcecode.swift; path = ARoundImage.swift; sourceTree = "<group>"; };
		3B048EF2226CFC3600EBE6FD /* ABoxView.swift */ = {isa = PBXFileReference; lastKnownFileType = sourcecode.swift; path = ABoxView.swift; sourceTree = "<group>"; };
		3B048EF4226D001100EBE6FD /* ALoader.swift */ = {isa = PBXFileReference; lastKnownFileType = sourcecode.swift; path = ALoader.swift; sourceTree = "<group>"; };
		3B048EF7226D00FA00EBE6FD /* SuccessScheduleViewController.swift */ = {isa = PBXFileReference; lastKnownFileType = sourcecode.swift; path = SuccessScheduleViewController.swift; sourceTree = "<group>"; };
		3B048EF9226D04D200EBE6FD /* String+Utils.swift */ = {isa = PBXFileReference; lastKnownFileType = sourcecode.swift; path = "String+Utils.swift"; sourceTree = "<group>"; };
		3B048EFC226D08AF00EBE6FD /* Person.swift */ = {isa = PBXFileReference; lastKnownFileType = sourcecode.swift; path = Person.swift; sourceTree = "<group>"; };
		3B048EFE226D08BA00EBE6FD /* ScheduleData.swift */ = {isa = PBXFileReference; lastKnownFileType = sourcecode.swift; path = ScheduleData.swift; sourceTree = "<group>"; };
		3B048F01227F170A00EBE6FD /* ATextField.swift */ = {isa = PBXFileReference; lastKnownFileType = sourcecode.swift; path = ATextField.swift; sourceTree = "<group>"; };
		3B048F04227F192C00EBE6FD /* AuthManager.swift */ = {isa = PBXFileReference; lastKnownFileType = sourcecode.swift; path = AuthManager.swift; sourceTree = "<group>"; };
		3B069B792396E7C9003B5479 /* SplashLoaderViewController.swift */ = {isa = PBXFileReference; lastKnownFileType = sourcecode.swift; path = SplashLoaderViewController.swift; sourceTree = "<group>"; };
		3B069B7B2396EBBD003B5479 /* AlertManager.swift */ = {isa = PBXFileReference; lastKnownFileType = sourcecode.swift; path = AlertManager.swift; sourceTree = "<group>"; };
		3B1D251F23C64FC300EBA30C /* RateProfessionalResponse.swift */ = {isa = PBXFileReference; lastKnownFileType = sourcecode.swift; path = RateProfessionalResponse.swift; sourceTree = "<group>"; };
		3B1D90B123B5373D003D01D1 /* HistoryViewController.swift */ = {isa = PBXFileReference; lastKnownFileType = sourcecode.swift; path = HistoryViewController.swift; sourceTree = "<group>"; };
		3B1D90B423B5384C003D01D1 /* HistoryTableViewCell.swift */ = {isa = PBXFileReference; lastKnownFileType = sourcecode.swift; path = HistoryTableViewCell.swift; sourceTree = "<group>"; };
		3B1D90B523B5384C003D01D1 /* HistoryTableViewCell.xib */ = {isa = PBXFileReference; lastKnownFileType = file.xib; path = HistoryTableViewCell.xib; sourceTree = "<group>"; };
		3B26A3B222584BD10063ECAA /* Aruba.app */ = {isa = PBXFileReference; explicitFileType = wrapper.application; includeInIndex = 0; path = Aruba.app; sourceTree = BUILT_PRODUCTS_DIR; };
		3B26A3B522584BD10063ECAA /* AppDelegate.swift */ = {isa = PBXFileReference; lastKnownFileType = sourcecode.swift; path = AppDelegate.swift; sourceTree = "<group>"; };
		3B26A3BA22584BD10063ECAA /* Base */ = {isa = PBXFileReference; lastKnownFileType = file.storyboard; name = Base; path = Base.lproj/Main.storyboard; sourceTree = "<group>"; };
		3B26A3BC22584BD30063ECAA /* Assets.xcassets */ = {isa = PBXFileReference; lastKnownFileType = folder.assetcatalog; path = Assets.xcassets; sourceTree = "<group>"; };
		3B26A3BF22584BD30063ECAA /* Base */ = {isa = PBXFileReference; lastKnownFileType = file.storyboard; name = Base; path = Base.lproj/LaunchScreen.storyboard; sourceTree = "<group>"; };
		3B26A3C122584BD30063ECAA /* Info.plist */ = {isa = PBXFileReference; lastKnownFileType = text.plist.xml; path = Info.plist; sourceTree = "<group>"; };
		3B26A3C622584BD30063ECAA /* ArubaTests.xctest */ = {isa = PBXFileReference; explicitFileType = wrapper.cfbundle; includeInIndex = 0; path = ArubaTests.xctest; sourceTree = BUILT_PRODUCTS_DIR; };
		3B26A3CA22584BD30063ECAA /* ArubaTests.swift */ = {isa = PBXFileReference; lastKnownFileType = sourcecode.swift; path = ArubaTests.swift; sourceTree = "<group>"; };
		3B26A3CC22584BD30063ECAA /* Info.plist */ = {isa = PBXFileReference; lastKnownFileType = text.plist.xml; path = Info.plist; sourceTree = "<group>"; };
		3B26A3D122584BD30063ECAA /* ArubaUITests.xctest */ = {isa = PBXFileReference; explicitFileType = wrapper.cfbundle; includeInIndex = 0; path = ArubaUITests.xctest; sourceTree = BUILT_PRODUCTS_DIR; };
		3B26A3D522584BD30063ECAA /* ArubaUITests.swift */ = {isa = PBXFileReference; lastKnownFileType = sourcecode.swift; path = ArubaUITests.swift; sourceTree = "<group>"; };
		3B26A3D722584BD30063ECAA /* Info.plist */ = {isa = PBXFileReference; lastKnownFileType = text.plist.xml; path = Info.plist; sourceTree = "<group>"; };
		3B28FFEB22594809004268CB /* PopupTableViewController.swift */ = {isa = PBXFileReference; lastKnownFileType = sourcecode.swift; path = PopupTableViewController.swift; sourceTree = "<group>"; };
		3B28FFED22594892004268CB /* APopoverTableViewController.swift */ = {isa = PBXFileReference; lastKnownFileType = sourcecode.swift; path = APopoverTableViewController.swift; sourceTree = "<group>"; };
		3B28FFEF22594C6B004268CB /* UIViewController+Utils.swift */ = {isa = PBXFileReference; lastKnownFileType = sourcecode.swift; path = "UIViewController+Utils.swift"; sourceTree = "<group>"; };
		3B28FFF122595165004268CB /* BaseTableViewController.swift */ = {isa = PBXFileReference; lastKnownFileType = sourcecode.swift; path = BaseTableViewController.swift; sourceTree = "<group>"; };
		3B28FFF422595178004268CB /* BaseViewController.swift */ = {isa = PBXFileReference; lastKnownFileType = sourcecode.swift; path = BaseViewController.swift; sourceTree = "<group>"; };
		3B28FFF722595588004268CB /* Lato-Bold.ttf */ = {isa = PBXFileReference; lastKnownFileType = file; path = "Lato-Bold.ttf"; sourceTree = "<group>"; };
		3B28FFF822595588004268CB /* Lato-Regular.ttf */ = {isa = PBXFileReference; lastKnownFileType = file; path = "Lato-Regular.ttf"; sourceTree = "<group>"; };
		3B28FFF922595588004268CB /* Lato-Black.ttf */ = {isa = PBXFileReference; lastKnownFileType = file; path = "Lato-Black.ttf"; sourceTree = "<group>"; };
		3B39509523954B3A004FD9B8 /* ServiceCategoryListResponse.swift */ = {isa = PBXFileReference; lastKnownFileType = sourcecode.swift; path = ServiceCategoryListResponse.swift; sourceTree = "<group>"; };
		3B395097239561C1004FD9B8 /* UserMeResponse.swift */ = {isa = PBXFileReference; lastKnownFileType = sourcecode.swift; path = UserMeResponse.swift; sourceTree = "<group>"; };
		3B3BDBFE23B53FEE00BBB7B3 /* UserAppointmentList.swift */ = {isa = PBXFileReference; lastKnownFileType = sourcecode.swift; path = UserAppointmentList.swift; sourceTree = "<group>"; };
		3B3FC0E223D6694400FF53FA /* ContactInfoTableViewController.swift */ = {isa = PBXFileReference; lastKnownFileType = sourcecode.swift; path = ContactInfoTableViewController.swift; sourceTree = "<group>"; };
		3B3FC0E423D66E3400FF53FA /* PrivacyViewController.swift */ = {isa = PBXFileReference; lastKnownFileType = sourcecode.swift; path = PrivacyViewController.swift; sourceTree = "<group>"; };
		3B42E61223F855E0001F1A94 /* ProfessionalScheduleTableViewCell.swift */ = {isa = PBXFileReference; lastKnownFileType = sourcecode.swift; path = ProfessionalScheduleTableViewCell.swift; sourceTree = "<group>"; };
		3B42E61323F855E0001F1A94 /* ProfessionalScheduleTableViewCell.xib */ = {isa = PBXFileReference; lastKnownFileType = file.xib; path = ProfessionalScheduleTableViewCell.xib; sourceTree = "<group>"; };
		3B42E61623F8585D001F1A94 /* ProfessionalScheduleTimeCollectionViewCell.swift */ = {isa = PBXFileReference; lastKnownFileType = sourcecode.swift; path = ProfessionalScheduleTimeCollectionViewCell.swift; sourceTree = "<group>"; };
		3B42E61723F8585D001F1A94 /* ProfessionalScheduleTimeCollectionViewCell.xib */ = {isa = PBXFileReference; lastKnownFileType = file.xib; path = ProfessionalScheduleTimeCollectionViewCell.xib; sourceTree = "<group>"; };
		3B42E61A23F86F76001F1A94 /* APaddedLabel.swift */ = {isa = PBXFileReference; lastKnownFileType = sourcecode.swift; path = APaddedLabel.swift; sourceTree = "<group>"; };
		3B42E61C23F87B7C001F1A94 /* DateCollectionViewCell.swift */ = {isa = PBXFileReference; lastKnownFileType = sourcecode.swift; path = DateCollectionViewCell.swift; sourceTree = "<group>"; };
		3B42E61E23F88C1A001F1A94 /* ProfessionalsAvailableScheduleResponse.swift */ = {isa = PBXFileReference; lastKnownFileType = sourcecode.swift; path = ProfessionalsAvailableScheduleResponse.swift; sourceTree = "<group>"; };
		3B456CA1239C12700009B343 /* ServiceCategorySelectionPopupTableViewController.swift */ = {isa = PBXFileReference; lastKnownFileType = sourcecode.swift; path = ServiceCategorySelectionPopupTableViewController.swift; sourceTree = "<group>"; };
		3B4F5FDD23D36D8800C38C31 /* ProfileViewController.swift */ = {isa = PBXFileReference; lastKnownFileType = sourcecode.swift; path = ProfileViewController.swift; sourceTree = "<group>"; };
		3B4F5FDF23D374D700C38C31 /* AddressesTableViewController.swift */ = {isa = PBXFileReference; lastKnownFileType = sourcecode.swift; path = AddressesTableViewController.swift; sourceTree = "<group>"; };
		3B4F5FE123D4B1B500C38C31 /* UserRegisterDeviceResponse.swift */ = {isa = PBXFileReference; lastKnownFileType = sourcecode.swift; path = UserRegisterDeviceResponse.swift; sourceTree = "<group>"; };
		3B4F5FE323D4B47000C38C31 /* UserDeviceListResponse.swift */ = {isa = PBXFileReference; lastKnownFileType = sourcecode.swift; path = UserDeviceListResponse.swift; sourceTree = "<group>"; };
		3B4F5FE523D4E94300C38C31 /* UserRegisterNewTaxResponse.swift */ = {isa = PBXFileReference; lastKnownFileType = sourcecode.swift; path = UserRegisterNewTaxResponse.swift; sourceTree = "<group>"; };
		3B639521239EB376005E0CB4 /* Constants.swift */ = {isa = PBXFileReference; lastKnownFileType = sourcecode.swift; path = Constants.swift; sourceTree = "<group>"; };
		3B639523239ED243005E0CB4 /* FilterProfessionalResponse.swift */ = {isa = PBXFileReference; lastKnownFileType = sourcecode.swift; path = FilterProfessionalResponse.swift; sourceTree = "<group>"; };
		3B67BA3F22690FC500871F77 /* ProductDescriptionPopupTableViewController.swift */ = {isa = PBXFileReference; lastKnownFileType = sourcecode.swift; path = ProductDescriptionPopupTableViewController.swift; sourceTree = "<group>"; };
		3B6CE45022961F6500FB19AC /* ServicesListResponse.swift */ = {isa = PBXFileReference; lastKnownFileType = sourcecode.swift; path = ServicesListResponse.swift; sourceTree = "<group>"; };
		3B6CE452229AAD4300FB19AC /* LoginTableViewController.swift */ = {isa = PBXFileReference; lastKnownFileType = sourcecode.swift; path = LoginTableViewController.swift; sourceTree = "<group>"; };
		3B6CE454229AB87600FB19AC /* AFont.swift */ = {isa = PBXFileReference; lastKnownFileType = sourcecode.swift; path = AFont.swift; sourceTree = "<group>"; };
		3B6CE456229B660D00FB19AC /* UserAddressListResponse.swift */ = {isa = PBXFileReference; lastKnownFileType = sourcecode.swift; path = UserAddressListResponse.swift; sourceTree = "<group>"; };
		3B6EC9F723BE542600F94A89 /* Professionals.storyboard */ = {isa = PBXFileReference; lastKnownFileType = file.storyboard; path = Professionals.storyboard; sourceTree = "<group>"; };
		3B6EC9FA23BE56A700F94A89 /* ProfessionalsViewController.swift */ = {isa = PBXFileReference; lastKnownFileType = sourcecode.swift; path = ProfessionalsViewController.swift; sourceTree = "<group>"; };
		3B6EC9FC23BE57CF00F94A89 /* ProfessionalsTableViewController.swift */ = {isa = PBXFileReference; lastKnownFileType = sourcecode.swift; path = ProfessionalsTableViewController.swift; sourceTree = "<group>"; };
		3B6EC9FE23BE634800F94A89 /* ProfessionalListTableViewCell.swift */ = {isa = PBXFileReference; lastKnownFileType = sourcecode.swift; path = ProfessionalListTableViewCell.swift; sourceTree = "<group>"; };
		3B6EC9FF23BE634800F94A89 /* ProfessionalListTableViewCell.xib */ = {isa = PBXFileReference; lastKnownFileType = file.xib; path = ProfessionalListTableViewCell.xib; sourceTree = "<group>"; };
		3B72058423BFF1D2001FBCA4 /* RateProfessionalTableViewController.swift */ = {isa = PBXFileReference; lastKnownFileType = sourcecode.swift; path = RateProfessionalTableViewController.swift; sourceTree = "<group>"; };
		3B7D4BC323E5E7C400FA6FDA /* HistoryServiceTableViewCell.swift */ = {isa = PBXFileReference; lastKnownFileType = sourcecode.swift; path = HistoryServiceTableViewCell.swift; sourceTree = "<group>"; };
		3B7D4BC423E5E7C400FA6FDA /* HistoryServiceTableViewCell.xib */ = {isa = PBXFileReference; lastKnownFileType = file.xib; path = HistoryServiceTableViewCell.xib; sourceTree = "<group>"; };
		3B7D4BC723E5ECB900FA6FDA /* aruba_loading.json */ = {isa = PBXFileReference; fileEncoding = 4; lastKnownFileType = text.json; path = aruba_loading.json; sourceTree = "<group>"; };
		3B7D4BC923E6022D00FA6FDA /* like_aruba.json */ = {isa = PBXFileReference; fileEncoding = 4; lastKnownFileType = text.json; path = like_aruba.json; sourceTree = "<group>"; };
		3B7D4BCC23E6029E00FA6FDA /* ProfesionalDetailsViewController.swift */ = {isa = PBXFileReference; lastKnownFileType = sourcecode.swift; path = ProfesionalDetailsViewController.swift; sourceTree = "<group>"; };
		3B7D4BCE23E6134C00FA6FDA /* ProfessionalReviewsListResponse.swift */ = {isa = PBXFileReference; lastKnownFileType = sourcecode.swift; path = ProfessionalReviewsListResponse.swift; sourceTree = "<group>"; };
		3B7D4BD223E6239600FA6FDA /* calendar_loading.json */ = {isa = PBXFileReference; fileEncoding = 4; lastKnownFileType = text.json; path = calendar_loading.json; sourceTree = "<group>"; };
		3B7EC0AC225C20A300ED799D /* Schedule.storyboard */ = {isa = PBXFileReference; lastKnownFileType = file.storyboard; path = Schedule.storyboard; sourceTree = "<group>"; };
		3B7EC0AE225C219200ED799D /* PeopleQuantiySelectionViewController.swift */ = {isa = PBXFileReference; lastKnownFileType = sourcecode.swift; path = PeopleQuantiySelectionViewController.swift; sourceTree = "<group>"; };
		3B7EC0B0225C21D500ED799D /* PeopleQuantityView.swift */ = {isa = PBXFileReference; lastKnownFileType = sourcecode.swift; path = PeopleQuantityView.swift; sourceTree = "<group>"; };
		3B7EC0B2225C21E600ED799D /* PeopleQuantityView.xib */ = {isa = PBXFileReference; lastKnownFileType = file.xib; path = PeopleQuantityView.xib; sourceTree = "<group>"; };
		3B7EC0B4225C2A5200ED799D /* UIView+Utils.swift */ = {isa = PBXFileReference; lastKnownFileType = sourcecode.swift; path = "UIView+Utils.swift"; sourceTree = "<group>"; };
		3B7EC0B7225C347F00ED799D /* ServiceSelectionTableViewCell.swift */ = {isa = PBXFileReference; lastKnownFileType = sourcecode.swift; path = ServiceSelectionTableViewCell.swift; sourceTree = "<group>"; };
		3B7EC0B8225C347F00ED799D /* ServiceSelectionTableViewCell.xib */ = {isa = PBXFileReference; lastKnownFileType = file.xib; path = ServiceSelectionTableViewCell.xib; sourceTree = "<group>"; };
		3B7EC0BB225C352300ED799D /* ServiceSelectionViewController.swift */ = {isa = PBXFileReference; lastKnownFileType = sourcecode.swift; path = ServiceSelectionViewController.swift; sourceTree = "<group>"; };
		3B7EC0BD225D679700ED799D /* ARoundView.swift */ = {isa = PBXFileReference; lastKnownFileType = sourcecode.swift; path = ARoundView.swift; sourceTree = "<group>"; };
		3B7EC0BF225D692C00ED799D /* ARoundButton.swift */ = {isa = PBXFileReference; lastKnownFileType = sourcecode.swift; path = ARoundButton.swift; sourceTree = "<group>"; };
		3B7EC0C7225D727500ED799D /* DateAssignmentTableViewCell.swift */ = {isa = PBXFileReference; lastKnownFileType = sourcecode.swift; path = DateAssignmentTableViewCell.swift; sourceTree = "<group>"; };
		3B7EC0C9225D773A00ED799D /* DateAssignmentViewController.swift */ = {isa = PBXFileReference; lastKnownFileType = sourcecode.swift; path = DateAssignmentViewController.swift; sourceTree = "<group>"; };
		3B7EC0D32263D4C700ED799D /* DateSelectionCollectionViewCell.swift */ = {isa = PBXFileReference; lastKnownFileType = sourcecode.swift; path = DateSelectionCollectionViewCell.swift; sourceTree = "<group>"; };
		3B7EC0D52263E95300ED799D /* DateSelectionViewController.swift */ = {isa = PBXFileReference; lastKnownFileType = sourcecode.swift; path = DateSelectionViewController.swift; sourceTree = "<group>"; };
		3B7EC0D72263F1B200ED799D /* HourAssignmentViewController.swift */ = {isa = PBXFileReference; lastKnownFileType = sourcecode.swift; path = HourAssignmentViewController.swift; sourceTree = "<group>"; };
		3B7EC0D92263F24800ED799D /* ProgressView.swift */ = {isa = PBXFileReference; lastKnownFileType = sourcecode.swift; path = ProgressView.swift; sourceTree = "<group>"; };
		3B7EC0DB2263FADC00ED799D /* HourCollectionViewCell.swift */ = {isa = PBXFileReference; lastKnownFileType = sourcecode.swift; path = HourCollectionViewCell.swift; sourceTree = "<group>"; };
		3B7EC0DD2263FFF100ED799D /* BaseNavigationController.swift */ = {isa = PBXFileReference; lastKnownFileType = sourcecode.swift; path = BaseNavigationController.swift; sourceTree = "<group>"; };
		3B7EC0E0226404F400ED799D /* ProfesionalSelectionViewController.swift */ = {isa = PBXFileReference; lastKnownFileType = sourcecode.swift; path = ProfesionalSelectionViewController.swift; sourceTree = "<group>"; };
		3B7EC0E22264066C00ED799D /* ProfessionalTableViewCell.swift */ = {isa = PBXFileReference; lastKnownFileType = sourcecode.swift; path = ProfessionalTableViewCell.swift; sourceTree = "<group>"; };
		3B7EC0E32264066C00ED799D /* ProfessionalTableViewCell.xib */ = {isa = PBXFileReference; lastKnownFileType = file.xib; path = ProfessionalTableViewCell.xib; sourceTree = "<group>"; };
		3BAF83262282683C0056C0D5 /* AddAddressTableViewController.swift */ = {isa = PBXFileReference; lastKnownFileType = sourcecode.swift; path = AddAddressTableViewController.swift; sourceTree = "<group>"; };
		3BAF8328228268480056C0D5 /* Addresses.storyboard */ = {isa = PBXFileReference; lastKnownFileType = file.storyboard; path = Addresses.storyboard; sourceTree = "<group>"; };
		3BC30F6D23A5479E00BD9700 /* ProfessionalDetailsPopupTableViewController.swift */ = {isa = PBXFileReference; lastKnownFileType = sourcecode.swift; path = ProfessionalDetailsPopupTableViewController.swift; sourceTree = "<group>"; };
		3BC30F6F23A54E2B00BD9700 /* CartTableViewController.swift */ = {isa = PBXFileReference; lastKnownFileType = sourcecode.swift; path = CartTableViewController.swift; sourceTree = "<group>"; };
		3BC30F7123A55BE400BD9700 /* ConfirmViewController.swift */ = {isa = PBXFileReference; lastKnownFileType = sourcecode.swift; path = ConfirmViewController.swift; sourceTree = "<group>"; };
		3BC30F7323A7FB7000BD9700 /* CartViewController.swift */ = {isa = PBXFileReference; lastKnownFileType = sourcecode.swift; path = CartViewController.swift; sourceTree = "<group>"; };
		3BC30F7523A800C000BD9700 /* CardPaymentViewController.swift */ = {isa = PBXFileReference; lastKnownFileType = sourcecode.swift; path = CardPaymentViewController.swift; sourceTree = "<group>"; };
		3BC30F7723A81A2700BD9700 /* CreateAppointmentResponse.swift */ = {isa = PBXFileReference; lastKnownFileType = sourcecode.swift; path = CreateAppointmentResponse.swift; sourceTree = "<group>"; };
		3BC30F7923A8200900BD9700 /* SuccessPopoverTableViewController.swift */ = {isa = PBXFileReference; lastKnownFileType = sourcecode.swift; path = SuccessPopoverTableViewController.swift; sourceTree = "<group>"; };
		3BD43CF0225856B900AC3411 /* Start.storyboard */ = {isa = PBXFileReference; lastKnownFileType = file.storyboard; path = Start.storyboard; sourceTree = "<group>"; };
		3BD43CF2225858B000AC3411 /* AButton.swift */ = {isa = PBXFileReference; lastKnownFileType = sourcecode.swift; path = AButton.swift; sourceTree = "<group>"; };
		3BD43CF52258594D00AC3411 /* Colors.swift */ = {isa = PBXFileReference; lastKnownFileType = sourcecode.swift; path = Colors.swift; sourceTree = "<group>"; };
		3BD43CFA22585B7F00AC3411 /* LandingViewController.swift */ = {isa = PBXFileReference; lastKnownFileType = sourcecode.swift; path = LandingViewController.swift; sourceTree = "<group>"; };
		3BD43CFC22585B9200AC3411 /* RegisterTableViewController.swift */ = {isa = PBXFileReference; lastKnownFileType = sourcecode.swift; path = RegisterTableViewController.swift; sourceTree = "<group>"; };
		3BD43CFE22585EF000AC3411 /* HTTPClient.swift */ = {isa = PBXFileReference; lastKnownFileType = sourcecode.swift; path = HTTPClient.swift; sourceTree = "<group>"; };
		3BD43D002258608700AC3411 /* JSONDecoder+Utils.swift */ = {isa = PBXFileReference; lastKnownFileType = sourcecode.swift; path = "JSONDecoder+Utils.swift"; sourceTree = "<group>"; };
		3BD43D04225861C300AC3411 /* UserLoginResponse.swift */ = {isa = PBXFileReference; lastKnownFileType = sourcecode.swift; path = UserLoginResponse.swift; sourceTree = "<group>"; };
		3BD43D06225864CF00AC3411 /* Aruba.entitlements */ = {isa = PBXFileReference; lastKnownFileType = text.plist.entitlements; path = Aruba.entitlements; sourceTree = "<group>"; };
		3BD43D082258FCC700AC3411 /* HomeTableViewController.swift */ = {isa = PBXFileReference; lastKnownFileType = sourcecode.swift; path = HomeTableViewController.swift; sourceTree = "<group>"; };
		3BD43D0B2259122B00AC3411 /* SideMenuTableViewController.swift */ = {isa = PBXFileReference; lastKnownFileType = sourcecode.swift; path = SideMenuTableViewController.swift; sourceTree = "<group>"; };
		3BD43D0E2259156000AC3411 /* ProfileTableViewController.swift */ = {isa = PBXFileReference; lastKnownFileType = sourcecode.swift; path = ProfileTableViewController.swift; sourceTree = "<group>"; };
		3BD43D102259170C00AC3411 /* ProfileHeaderTableViewCell.swift */ = {isa = PBXFileReference; lastKnownFileType = sourcecode.swift; path = ProfileHeaderTableViewCell.swift; sourceTree = "<group>"; };
		3BD43D1622591A7100AC3411 /* GenericDataCellTableViewCell.swift */ = {isa = PBXFileReference; lastKnownFileType = sourcecode.swift; path = GenericDataCellTableViewCell.swift; sourceTree = "<group>"; };
		3BD43D1722591A7100AC3411 /* GenericDataCellTableViewCell.xib */ = {isa = PBXFileReference; lastKnownFileType = file.xib; path = GenericDataCellTableViewCell.xib; sourceTree = "<group>"; };
		3BD43D1A22591B2900AC3411 /* AAddress.swift */ = {isa = PBXFileReference; lastKnownFileType = sourcecode.swift; path = AAddress.swift; sourceTree = "<group>"; };
		3BD43D1C22591CB000AC3411 /* Tax.swift */ = {isa = PBXFileReference; lastKnownFileType = sourcecode.swift; path = Tax.swift; sourceTree = "<group>"; };
		3BD43D1F22591FC700AC3411 /* GenericDataCellViewModel.swift */ = {isa = PBXFileReference; lastKnownFileType = sourcecode.swift; path = GenericDataCellViewModel.swift; sourceTree = "<group>"; };
		3BD43D2122592B4700AC3411 /* HomeCategoryTableViewCell.swift */ = {isa = PBXFileReference; lastKnownFileType = sourcecode.swift; path = HomeCategoryTableViewCell.swift; sourceTree = "<group>"; };
		3BD43D2322592DE200AC3411 /* UIColor+Utils.swift */ = {isa = PBXFileReference; lastKnownFileType = sourcecode.swift; path = "UIColor+Utils.swift"; sourceTree = "<group>"; };
		3BEEE93823B6729B007570DA /* HistoryDetailsViewController.swift */ = {isa = PBXFileReference; lastKnownFileType = sourcecode.swift; path = HistoryDetailsViewController.swift; sourceTree = "<group>"; };
		496D39961CE2E05473FF0CBC /* Pods_ArubaUITests.framework */ = {isa = PBXFileReference; explicitFileType = wrapper.framework; includeInIndex = 0; path = Pods_ArubaUITests.framework; sourceTree = BUILT_PRODUCTS_DIR; };
		6D51EC17E35B0F4B48A69CF8 /* Pods_Aruba.framework */ = {isa = PBXFileReference; explicitFileType = wrapper.framework; includeInIndex = 0; path = Pods_Aruba.framework; sourceTree = BUILT_PRODUCTS_DIR; };
		7F3C20A30C6A99E339F6600B /* Pods-ArubaTests.debug.xcconfig */ = {isa = PBXFileReference; includeInIndex = 1; lastKnownFileType = text.xcconfig; name = "Pods-ArubaTests.debug.xcconfig"; path = "Pods/Target Support Files/Pods-ArubaTests/Pods-ArubaTests.debug.xcconfig"; sourceTree = "<group>"; };
		89C589BCD472F06024F9FBAC /* Pods-Aruba.release.xcconfig */ = {isa = PBXFileReference; includeInIndex = 1; lastKnownFileType = text.xcconfig; name = "Pods-Aruba.release.xcconfig"; path = "Pods/Target Support Files/Pods-Aruba/Pods-Aruba.release.xcconfig"; sourceTree = "<group>"; };
		8E19267E83A702696BD13303 /* Pods-ArubaUITests.debug.xcconfig */ = {isa = PBXFileReference; includeInIndex = 1; lastKnownFileType = text.xcconfig; name = "Pods-ArubaUITests.debug.xcconfig"; path = "Pods/Target Support Files/Pods-ArubaUITests/Pods-ArubaUITests.debug.xcconfig"; sourceTree = "<group>"; };
		8EA4AA119F1E8F11172D2267 /* Pods-ArubaTests.release.xcconfig */ = {isa = PBXFileReference; includeInIndex = 1; lastKnownFileType = text.xcconfig; name = "Pods-ArubaTests.release.xcconfig"; path = "Pods/Target Support Files/Pods-ArubaTests/Pods-ArubaTests.release.xcconfig"; sourceTree = "<group>"; };
		D6FAFCA051FE3148AA5163E7 /* Pods-ArubaUITests.release.xcconfig */ = {isa = PBXFileReference; includeInIndex = 1; lastKnownFileType = text.xcconfig; name = "Pods-ArubaUITests.release.xcconfig"; path = "Pods/Target Support Files/Pods-ArubaUITests/Pods-ArubaUITests.release.xcconfig"; sourceTree = "<group>"; };
		EAB5DFA16BEBD9049A9C88C0 /* Pods_ArubaTests.framework */ = {isa = PBXFileReference; explicitFileType = wrapper.framework; includeInIndex = 0; path = Pods_ArubaTests.framework; sourceTree = BUILT_PRODUCTS_DIR; };
/* End PBXFileReference section */

/* Begin PBXFrameworksBuildPhase section */
		3B26A3AF22584BD10063ECAA /* Frameworks */ = {
			isa = PBXFrameworksBuildPhase;
			buildActionMask = 2147483647;
			files = (
				C48160F9BD5D0AD5944F0195 /* Pods_Aruba.framework in Frameworks */,
			);
			runOnlyForDeploymentPostprocessing = 0;
		};
		3B26A3C322584BD30063ECAA /* Frameworks */ = {
			isa = PBXFrameworksBuildPhase;
			buildActionMask = 2147483647;
			files = (
				4CFB3436FF898A02A3CB1B16 /* Pods_ArubaTests.framework in Frameworks */,
			);
			runOnlyForDeploymentPostprocessing = 0;
		};
		3B26A3CE22584BD30063ECAA /* Frameworks */ = {
			isa = PBXFrameworksBuildPhase;
			buildActionMask = 2147483647;
			files = (
				504779E3E806BD1CC210E25F /* Pods_ArubaUITests.framework in Frameworks */,
			);
			runOnlyForDeploymentPostprocessing = 0;
		};
/* End PBXFrameworksBuildPhase section */

/* Begin PBXGroup section */
		3B048EEC226CCA8500EBE6FD /* Protocols */ = {
			isa = PBXGroup;
			children = (
			);
			path = Protocols;
			sourceTree = "<group>";
		};
		3B048EF6226D00E300EBE6FD /* Success Schedule */ = {
			isa = PBXGroup;
			children = (
				3B048EF7226D00FA00EBE6FD /* SuccessScheduleViewController.swift */,
			);
			path = "Success Schedule";
			sourceTree = "<group>";
		};
		3B048F03227F191F00EBE6FD /* Managers */ = {
			isa = PBXGroup;
			children = (
				3B048F04227F192C00EBE6FD /* AuthManager.swift */,
				3B02964A228A4C1300D08789 /* UserManager.swift */,
				3B069B7B2396EBBD003B5479 /* AlertManager.swift */,
			);
			path = Managers;
			sourceTree = "<group>";
		};
		3B1D90B323B53806003D01D1 /* HIstory */ = {
			isa = PBXGroup;
			children = (
				3BEEE93723B67283007570DA /* Details */,
				3B1D90B123B5373D003D01D1 /* HistoryViewController.swift */,
				3B1D90B423B5384C003D01D1 /* HistoryTableViewCell.swift */,
				3B1D90B523B5384C003D01D1 /* HistoryTableViewCell.xib */,
			);
			path = HIstory;
			sourceTree = "<group>";
		};
		3B26A3A922584BD10063ECAA = {
			isa = PBXGroup;
			children = (
				3B7D4BD223E6239600FA6FDA /* calendar_loading.json */,
				3B7D4BC923E6022D00FA6FDA /* like_aruba.json */,
				3B7D4BC723E5ECB900FA6FDA /* aruba_loading.json */,
				3B02964C228E070000D08789 /* success.json */,
				3B26A3B422584BD10063ECAA /* Aruba */,
				3B26A3C922584BD30063ECAA /* ArubaTests */,
				3B26A3D422584BD30063ECAA /* ArubaUITests */,
				3B26A3B322584BD10063ECAA /* Products */,
				9173B25B04E066D00D761154 /* Pods */,
				B6F5B3FB5B2700766330E809 /* Frameworks */,
			);
			sourceTree = "<group>";
		};
		3B26A3B322584BD10063ECAA /* Products */ = {
			isa = PBXGroup;
			children = (
				3B26A3B222584BD10063ECAA /* Aruba.app */,
				3B26A3C622584BD30063ECAA /* ArubaTests.xctest */,
				3B26A3D122584BD30063ECAA /* ArubaUITests.xctest */,
			);
			name = Products;
			sourceTree = "<group>";
		};
		3B26A3B422584BD10063ECAA /* Aruba */ = {
			isa = PBXGroup;
			children = (
				3BAF8324228268150056C0D5 /* Addresses */,
				3B26A3B522584BD10063ECAA /* AppDelegate.swift */,
				3BD43D06225864CF00AC3411 /* Aruba.entitlements */,
				3B26A3BC22584BD30063ECAA /* Assets.xcassets */,
				3B28FFF32259516A004268CB /* Base */,
				3BD43CF72258595100AC3411 /* Constants */,
				3B639521239EB376005E0CB4 /* Constants.swift */,
				3B3FC0E223D6694400FF53FA /* ContactInfoTableViewController.swift */,
				3BD43D022258608B00AC3411 /* Extensions */,
				3B28FFF62259557F004268CB /* Fonts */,
				3B048EEA226CBA5800EBE6FD /* GoogleService-Info.plist */,
				3BD43CF4225858B500AC3411 /* Helper Classes */,
				3B1D90B323B53806003D01D1 /* HIstory */,
				3BD43D072258FCBA00AC3411 /* Home */,
				3B26A3C122584BD30063ECAA /* Info.plist */,
				3BD43CF922585B6900AC3411 /* Landing */,
				3B26A3BE22584BD30063ECAA /* LaunchScreen.storyboard */,
				3B048F03227F191F00EBE6FD /* Managers */,
				3BD43D03225861B700AC3411 /* Models */,
				3B28FFEA225947F3004268CB /* Popup */,
				3B3FC0E423D66E3400FF53FA /* PrivacyViewController.swift */,
				3B6EC9F923BE542B00F94A89 /* Professionals */,
				3BD43D0D2259155200AC3411 /* Profile */,
				3B048EEC226CCA8500EBE6FD /* Protocols */,
				3B72058323BFF1B0001FBCA4 /* Rate Professional */,
				3B7EC0AB225C206F00ED799D /* Schedule */,
				3BD43D0A2259121700AC3411 /* Side Menu */,
				3B069B792396E7C9003B5479 /* SplashLoaderViewController.swift */,
			);
			path = Aruba;
			sourceTree = "<group>";
		};
		3B26A3C922584BD30063ECAA /* ArubaTests */ = {
			isa = PBXGroup;
			children = (
				3B26A3CA22584BD30063ECAA /* ArubaTests.swift */,
				3B26A3CC22584BD30063ECAA /* Info.plist */,
			);
			path = ArubaTests;
			sourceTree = "<group>";
		};
		3B26A3D422584BD30063ECAA /* ArubaUITests */ = {
			isa = PBXGroup;
			children = (
				3B26A3D522584BD30063ECAA /* ArubaUITests.swift */,
				3B26A3D722584BD30063ECAA /* Info.plist */,
			);
			path = ArubaUITests;
			sourceTree = "<group>";
		};
		3B28FFEA225947F3004268CB /* Popup */ = {
			isa = PBXGroup;
			children = (
				3B28FFEB22594809004268CB /* PopupTableViewController.swift */,
				3B28FFED22594892004268CB /* APopoverTableViewController.swift */,
			);
			path = Popup;
			sourceTree = "<group>";
		};
		3B28FFF32259516A004268CB /* Base */ = {
			isa = PBXGroup;
			children = (
				3B28FFF122595165004268CB /* BaseTableViewController.swift */,
				3B28FFF422595178004268CB /* BaseViewController.swift */,
				3B7EC0DD2263FFF100ED799D /* BaseNavigationController.swift */,
			);
			path = Base;
			sourceTree = "<group>";
		};
		3B28FFF62259557F004268CB /* Fonts */ = {
			isa = PBXGroup;
			children = (
				3B28FFF922595588004268CB /* Lato-Black.ttf */,
				3B28FFF722595588004268CB /* Lato-Bold.ttf */,
				3B28FFF822595588004268CB /* Lato-Regular.ttf */,
			);
			path = Fonts;
			sourceTree = "<group>";
		};
		3B67BA3E22690C8F00871F77 /* ProductDescriptionPopup */ = {
			isa = PBXGroup;
			children = (
				3B67BA3F22690FC500871F77 /* ProductDescriptionPopupTableViewController.swift */,
			);
			path = ProductDescriptionPopup;
			sourceTree = "<group>";
		};
		3B6EC9F923BE542B00F94A89 /* Professionals */ = {
			isa = PBXGroup;
			children = (
				3B7D4BCB23E6028C00FA6FDA /* Details */,
				3B6EC9F723BE542600F94A89 /* Professionals.storyboard */,
				3B6EC9FA23BE56A700F94A89 /* ProfessionalsViewController.swift */,
				3B6EC9FC23BE57CF00F94A89 /* ProfessionalsTableViewController.swift */,
				3B6EC9FE23BE634800F94A89 /* ProfessionalListTableViewCell.swift */,
				3B6EC9FF23BE634800F94A89 /* ProfessionalListTableViewCell.xib */,
				3B42E61223F855E0001F1A94 /* ProfessionalScheduleTableViewCell.swift */,
				3B42E61323F855E0001F1A94 /* ProfessionalScheduleTableViewCell.xib */,
				3B42E61623F8585D001F1A94 /* ProfessionalScheduleTimeCollectionViewCell.swift */,
				3B42E61723F8585D001F1A94 /* ProfessionalScheduleTimeCollectionViewCell.xib */,
			);
			path = Professionals;
			sourceTree = "<group>";
		};
		3B72058323BFF1B0001FBCA4 /* Rate Professional */ = {
			isa = PBXGroup;
			children = (
				3B72058423BFF1D2001FBCA4 /* RateProfessionalTableViewController.swift */,
			);
			path = "Rate Professional";
			sourceTree = "<group>";
		};
		3B7D4BCB23E6028C00FA6FDA /* Details */ = {
			isa = PBXGroup;
			children = (
				3B7D4BCC23E6029E00FA6FDA /* ProfesionalDetailsViewController.swift */,
			);
			path = Details;
			sourceTree = "<group>";
		};
		3B7EC0AB225C206F00ED799D /* Schedule */ = {
			isa = PBXGroup;
			children = (
				3B7EC0AC225C20A300ED799D /* Schedule.storyboard */,
				3B048EF6226D00E300EBE6FD /* Success Schedule */,
				3B67BA3E22690C8F00871F77 /* ProductDescriptionPopup */,
				3B7EC0DF226404E300ED799D /* Profesional selection */,
				3B7EC0CE2263D47B00ED799D /* Date Selection */,
				3B7EC0C4225D722E00ED799D /* Date Assignment */,
				3B7EC0C1225D6EC800ED799D /* Transparent Popup */,
				3B7EC0B6225C345400ED799D /* Service Selection */,
				3B7EC0AE225C219200ED799D /* PeopleQuantiySelectionViewController.swift */,
				3B7EC0B0225C21D500ED799D /* PeopleQuantityView.swift */,
				3B7EC0B2225C21E600ED799D /* PeopleQuantityView.xib */,
				3BC30F6D23A5479E00BD9700 /* ProfessionalDetailsPopupTableViewController.swift */,
				3BC30F6F23A54E2B00BD9700 /* CartTableViewController.swift */,
				3BC30F7123A55BE400BD9700 /* ConfirmViewController.swift */,
				3BC30F7323A7FB7000BD9700 /* CartViewController.swift */,
				3BC30F7523A800C000BD9700 /* CardPaymentViewController.swift */,
				3BC30F7923A8200900BD9700 /* SuccessPopoverTableViewController.swift */,
			);
			path = Schedule;
			sourceTree = "<group>";
		};
		3B7EC0B6225C345400ED799D /* Service Selection */ = {
			isa = PBXGroup;
			children = (
				3B7EC0B7225C347F00ED799D /* ServiceSelectionTableViewCell.swift */,
				3B7EC0B8225C347F00ED799D /* ServiceSelectionTableViewCell.xib */,
				3B7EC0BB225C352300ED799D /* ServiceSelectionViewController.swift */,
			);
			path = "Service Selection";
			sourceTree = "<group>";
		};
		3B7EC0C1225D6EC800ED799D /* Transparent Popup */ = {
			isa = PBXGroup;
			children = (
			);
			path = "Transparent Popup";
			sourceTree = "<group>";
		};
		3B7EC0C4225D722E00ED799D /* Date Assignment */ = {
			isa = PBXGroup;
			children = (
				3B7EC0C7225D727500ED799D /* DateAssignmentTableViewCell.swift */,
				3B7EC0C9225D773A00ED799D /* DateAssignmentViewController.swift */,
			);
			path = "Date Assignment";
			sourceTree = "<group>";
		};
		3B7EC0CE2263D47B00ED799D /* Date Selection */ = {
			isa = PBXGroup;
			children = (
				3B7EC0D32263D4C700ED799D /* DateSelectionCollectionViewCell.swift */,
				3B7EC0D52263E95300ED799D /* DateSelectionViewController.swift */,
				3B7EC0D72263F1B200ED799D /* HourAssignmentViewController.swift */,
				3B7EC0DB2263FADC00ED799D /* HourCollectionViewCell.swift */,
				3B42E61C23F87B7C001F1A94 /* DateCollectionViewCell.swift */,
				3B42E61E23F88C1A001F1A94 /* ProfessionalsAvailableScheduleResponse.swift */,
			);
			path = "Date Selection";
			sourceTree = "<group>";
		};
		3B7EC0DF226404E300ED799D /* Profesional selection */ = {
			isa = PBXGroup;
			children = (
				3B7EC0E0226404F400ED799D /* ProfesionalSelectionViewController.swift */,
				3B7EC0E22264066C00ED799D /* ProfessionalTableViewCell.swift */,
				3B7EC0E32264066C00ED799D /* ProfessionalTableViewCell.xib */,
			);
			path = "Profesional selection";
			sourceTree = "<group>";
		};
		3BAF8324228268150056C0D5 /* Addresses */ = {
			isa = PBXGroup;
			children = (
				3BAF8328228268480056C0D5 /* Addresses.storyboard */,
				3BAF83252282681C0056C0D5 /* Add new address */,
			);
			path = Addresses;
			sourceTree = "<group>";
		};
		3BAF83252282681C0056C0D5 /* Add new address */ = {
			isa = PBXGroup;
			children = (
				3BAF83262282683C0056C0D5 /* AddAddressTableViewController.swift */,
			);
			path = "Add new address";
			sourceTree = "<group>";
		};
		3BD43CF4225858B500AC3411 /* Helper Classes */ = {
			isa = PBXGroup;
			children = (
				3BD43CF2225858B000AC3411 /* AButton.swift */,
				3BD43CFE22585EF000AC3411 /* HTTPClient.swift */,
				3B7EC0BD225D679700ED799D /* ARoundView.swift */,
				3B7EC0BF225D692C00ED799D /* ARoundButton.swift */,
				3B7EC0D92263F24800ED799D /* ProgressView.swift */,
				3B048EF0226CF8B400EBE6FD /* ARoundImage.swift */,
				3B048EF2226CFC3600EBE6FD /* ABoxView.swift */,
				3B048EF4226D001100EBE6FD /* ALoader.swift */,
				3B048F01227F170A00EBE6FD /* ATextField.swift */,
				3B6CE454229AB87600FB19AC /* AFont.swift */,
				3B42E61A23F86F76001F1A94 /* APaddedLabel.swift */,
			);
			path = "Helper Classes";
			sourceTree = "<group>";
		};
		3BD43CF72258595100AC3411 /* Constants */ = {
			isa = PBXGroup;
			children = (
				3BD43CF52258594D00AC3411 /* Colors.swift */,
			);
			path = Constants;
			sourceTree = "<group>";
		};
		3BD43CF922585B6900AC3411 /* Landing */ = {
			isa = PBXGroup;
			children = (
				3BD43CF0225856B900AC3411 /* Start.storyboard */,
				3BD43CFA22585B7F00AC3411 /* LandingViewController.swift */,
				3BD43CFC22585B9200AC3411 /* RegisterTableViewController.swift */,
				3B6CE452229AAD4300FB19AC /* LoginTableViewController.swift */,
			);
			path = Landing;
			sourceTree = "<group>";
		};
		3BD43D022258608B00AC3411 /* Extensions */ = {
			isa = PBXGroup;
			children = (
				3BD43D002258608700AC3411 /* JSONDecoder+Utils.swift */,
				3BD43D2322592DE200AC3411 /* UIColor+Utils.swift */,
				3B28FFEF22594C6B004268CB /* UIViewController+Utils.swift */,
				3B7EC0B4225C2A5200ED799D /* UIView+Utils.swift */,
				3B048EF9226D04D200EBE6FD /* String+Utils.swift */,
			);
			path = Extensions;
			sourceTree = "<group>";
		};
		3BD43D03225861B700AC3411 /* Models */ = {
			isa = PBXGroup;
			children = (
				3BD43D04225861C300AC3411 /* UserLoginResponse.swift */,
				3BD43D1A22591B2900AC3411 /* AAddress.swift */,
				3BD43D1C22591CB000AC3411 /* Tax.swift */,
				3B048EFC226D08AF00EBE6FD /* Person.swift */,
				3B048EFE226D08BA00EBE6FD /* ScheduleData.swift */,
				3B02964E228EF6E600D08789 /* DefaultResponse.swift */,
				3B6CE45022961F6500FB19AC /* ServicesListResponse.swift */,
				3B6CE456229B660D00FB19AC /* UserAddressListResponse.swift */,
				3B39509523954B3A004FD9B8 /* ServiceCategoryListResponse.swift */,
				3B395097239561C1004FD9B8 /* UserMeResponse.swift */,
				3B639523239ED243005E0CB4 /* FilterProfessionalResponse.swift */,
				3BC30F7723A81A2700BD9700 /* CreateAppointmentResponse.swift */,
				3B3BDBFE23B53FEE00BBB7B3 /* UserAppointmentList.swift */,
				3B1D251F23C64FC300EBA30C /* RateProfessionalResponse.swift */,
				3B4F5FE123D4B1B500C38C31 /* UserRegisterDeviceResponse.swift */,
				3B4F5FE323D4B47000C38C31 /* UserDeviceListResponse.swift */,
				3B4F5FE523D4E94300C38C31 /* UserRegisterNewTaxResponse.swift */,
				3B7D4BCE23E6134C00FA6FDA /* ProfessionalReviewsListResponse.swift */,
			);
			path = Models;
			sourceTree = "<group>";
		};
		3BD43D072258FCBA00AC3411 /* Home */ = {
			isa = PBXGroup;
			children = (
				3B26A3B922584BD10063ECAA /* Main.storyboard */,
				3B456CA1239C12700009B343 /* ServiceCategorySelectionPopupTableViewController.swift */,
				3BD43D082258FCC700AC3411 /* HomeTableViewController.swift */,
				3BD43D2122592B4700AC3411 /* HomeCategoryTableViewCell.swift */,
			);
			path = Home;
			sourceTree = "<group>";
		};
		3BD43D0A2259121700AC3411 /* Side Menu */ = {
			isa = PBXGroup;
			children = (
				3BD43D0B2259122B00AC3411 /* SideMenuTableViewController.swift */,
			);
			path = "Side Menu";
			sourceTree = "<group>";
		};
		3BD43D0D2259155200AC3411 /* Profile */ = {
			isa = PBXGroup;
			children = (
				3BD43D1E22591FB400AC3411 /* ViewModels */,
				3BD43D0E2259156000AC3411 /* ProfileTableViewController.swift */,
				3BD43D102259170C00AC3411 /* ProfileHeaderTableViewCell.swift */,
				3BD43D1622591A7100AC3411 /* GenericDataCellTableViewCell.swift */,
				3BD43D1722591A7100AC3411 /* GenericDataCellTableViewCell.xib */,
				3B4F5FDD23D36D8800C38C31 /* ProfileViewController.swift */,
				3B4F5FDF23D374D700C38C31 /* AddressesTableViewController.swift */,
			);
			path = Profile;
			sourceTree = "<group>";
		};
		3BD43D1E22591FB400AC3411 /* ViewModels */ = {
			isa = PBXGroup;
			children = (
				3BD43D1F22591FC700AC3411 /* GenericDataCellViewModel.swift */,
			);
			path = ViewModels;
			sourceTree = "<group>";
		};
		3BEEE93723B67283007570DA /* Details */ = {
			isa = PBXGroup;
			children = (
				3BEEE93823B6729B007570DA /* HistoryDetailsViewController.swift */,
				3B7D4BC323E5E7C400FA6FDA /* HistoryServiceTableViewCell.swift */,
				3B7D4BC423E5E7C400FA6FDA /* HistoryServiceTableViewCell.xib */,
			);
			path = Details;
			sourceTree = "<group>";
		};
		9173B25B04E066D00D761154 /* Pods */ = {
			isa = PBXGroup;
			children = (
				0558D970D0CA945C6C2661E0 /* Pods-Aruba.debug.xcconfig */,
				89C589BCD472F06024F9FBAC /* Pods-Aruba.release.xcconfig */,
				7F3C20A30C6A99E339F6600B /* Pods-ArubaTests.debug.xcconfig */,
				8EA4AA119F1E8F11172D2267 /* Pods-ArubaTests.release.xcconfig */,
				8E19267E83A702696BD13303 /* Pods-ArubaUITests.debug.xcconfig */,
				D6FAFCA051FE3148AA5163E7 /* Pods-ArubaUITests.release.xcconfig */,
			);
			name = Pods;
			sourceTree = "<group>";
		};
		B6F5B3FB5B2700766330E809 /* Frameworks */ = {
			isa = PBXGroup;
			children = (
				6D51EC17E35B0F4B48A69CF8 /* Pods_Aruba.framework */,
				EAB5DFA16BEBD9049A9C88C0 /* Pods_ArubaTests.framework */,
				496D39961CE2E05473FF0CBC /* Pods_ArubaUITests.framework */,
			);
			name = Frameworks;
			sourceTree = "<group>";
		};
/* End PBXGroup section */

/* Begin PBXNativeTarget section */
		3B26A3B122584BD10063ECAA /* Aruba */ = {
			isa = PBXNativeTarget;
			buildConfigurationList = 3B26A3DA22584BD30063ECAA /* Build configuration list for PBXNativeTarget "Aruba" */;
			buildPhases = (
				ACAB64AB17CDA4748F428E75 /* [CP] Check Pods Manifest.lock */,
				3B26A3AE22584BD10063ECAA /* Sources */,
				3B26A3AF22584BD10063ECAA /* Frameworks */,
				3B26A3B022584BD10063ECAA /* Resources */,
				5F0F75822D6C078A00A3710C /* [CP] Embed Pods Frameworks */,
				3BD43CF822585A9E00AC3411 /* SwiftLint Script */,
				3B048EEF226CD27500EBE6FD /* Fabric */,
				64768E4B36059D89AB0172E9 /* [CP] Copy Pods Resources */,
			);
			buildRules = (
			);
			dependencies = (
			);
			name = Aruba;
			productName = Aruba;
			productReference = 3B26A3B222584BD10063ECAA /* Aruba.app */;
			productType = "com.apple.product-type.application";
		};
		3B26A3C522584BD30063ECAA /* ArubaTests */ = {
			isa = PBXNativeTarget;
			buildConfigurationList = 3B26A3DD22584BD30063ECAA /* Build configuration list for PBXNativeTarget "ArubaTests" */;
			buildPhases = (
				2C1A62C781F37F24846BD1B1 /* [CP] Check Pods Manifest.lock */,
				3B26A3C222584BD30063ECAA /* Sources */,
				3B26A3C322584BD30063ECAA /* Frameworks */,
				3B26A3C422584BD30063ECAA /* Resources */,
				06F17186D6F5DE36E8AE917D /* [CP] Embed Pods Frameworks */,
			);
			buildRules = (
			);
			dependencies = (
				3B26A3C822584BD30063ECAA /* PBXTargetDependency */,
			);
			name = ArubaTests;
			productName = ArubaTests;
			productReference = 3B26A3C622584BD30063ECAA /* ArubaTests.xctest */;
			productType = "com.apple.product-type.bundle.unit-test";
		};
		3B26A3D022584BD30063ECAA /* ArubaUITests */ = {
			isa = PBXNativeTarget;
			buildConfigurationList = 3B26A3E022584BD30063ECAA /* Build configuration list for PBXNativeTarget "ArubaUITests" */;
			buildPhases = (
				EB0CE8173791528D1E27FE65 /* [CP] Check Pods Manifest.lock */,
				3B26A3CD22584BD30063ECAA /* Sources */,
				3B26A3CE22584BD30063ECAA /* Frameworks */,
				3B26A3CF22584BD30063ECAA /* Resources */,
			);
			buildRules = (
			);
			dependencies = (
				3B26A3D322584BD30063ECAA /* PBXTargetDependency */,
			);
			name = ArubaUITests;
			productName = ArubaUITests;
			productReference = 3B26A3D122584BD30063ECAA /* ArubaUITests.xctest */;
			productType = "com.apple.product-type.bundle.ui-testing";
		};
/* End PBXNativeTarget section */

/* Begin PBXProject section */
		3B26A3AA22584BD10063ECAA /* Project object */ = {
			isa = PBXProject;
			attributes = {
				LastSwiftUpdateCheck = 1020;
				LastUpgradeCheck = 1020;
				ORGANIZATIONNAME = "Javier Rivarola";
				TargetAttributes = {
					3B26A3B122584BD10063ECAA = {
						CreatedOnToolsVersion = 10.2;
						SystemCapabilities = {
							com.apple.BackgroundModes = {
								enabled = 1;
							};
							com.apple.Keychain = {
								enabled = 1;
							};
							com.apple.Push = {
								enabled = 1;
							};
						};
					};
					3B26A3C522584BD30063ECAA = {
						CreatedOnToolsVersion = 10.2;
						TestTargetID = 3B26A3B122584BD10063ECAA;
					};
					3B26A3D022584BD30063ECAA = {
						CreatedOnToolsVersion = 10.2;
						TestTargetID = 3B26A3B122584BD10063ECAA;
					};
				};
			};
			buildConfigurationList = 3B26A3AD22584BD10063ECAA /* Build configuration list for PBXProject "Aruba" */;
			compatibilityVersion = "Xcode 9.3";
			developmentRegion = en;
			hasScannedForEncodings = 0;
			knownRegions = (
				en,
				Base,
			);
			mainGroup = 3B26A3A922584BD10063ECAA;
			productRefGroup = 3B26A3B322584BD10063ECAA /* Products */;
			projectDirPath = "";
			projectRoot = "";
			targets = (
				3B26A3B122584BD10063ECAA /* Aruba */,
				3B26A3C522584BD30063ECAA /* ArubaTests */,
				3B26A3D022584BD30063ECAA /* ArubaUITests */,
			);
		};
/* End PBXProject section */

/* Begin PBXResourcesBuildPhase section */
		3B26A3B022584BD10063ECAA /* Resources */ = {
			isa = PBXResourcesBuildPhase;
			buildActionMask = 2147483647;
			files = (
				3B048EEB226CBA5800EBE6FD /* GoogleService-Info.plist in Resources */,
				3B7EC0B3225C21E600ED799D /* PeopleQuantityView.xib in Resources */,
				3B7EC0BA225C347F00ED799D /* ServiceSelectionTableViewCell.xib in Resources */,
				3B26A3C022584BD30063ECAA /* LaunchScreen.storyboard in Resources */,
				3B7D4BCA23E6022E00FA6FDA /* like_aruba.json in Resources */,
				3B28FFFA22595588004268CB /* Lato-Bold.ttf in Resources */,
				3B42E61523F855E0001F1A94 /* ProfessionalScheduleTableViewCell.xib in Resources */,
				3B7D4BC623E5E7C400FA6FDA /* HistoryServiceTableViewCell.xib in Resources */,
				3B7D4BC823E5ECB900FA6FDA /* aruba_loading.json in Resources */,
				3B02964D228E070000D08789 /* success.json in Resources */,
				3B6ECA0123BE634800F94A89 /* ProfessionalListTableViewCell.xib in Resources */,
				3B7EC0AD225C20A300ED799D /* Schedule.storyboard in Resources */,
				3BD43CF1225856B900AC3411 /* Start.storyboard in Resources */,
				3B26A3BD22584BD30063ECAA /* Assets.xcassets in Resources */,
				3B6EC9F823BE542600F94A89 /* Professionals.storyboard in Resources */,
				3B28FFFC22595588004268CB /* Lato-Black.ttf in Resources */,
				3B28FFFB22595588004268CB /* Lato-Regular.ttf in Resources */,
				3BD43D1922591A7100AC3411 /* GenericDataCellTableViewCell.xib in Resources */,
				3BAF8329228268480056C0D5 /* Addresses.storyboard in Resources */,
				3B7EC0E52264066C00ED799D /* ProfessionalTableViewCell.xib in Resources */,
				3B1D90B723B5384C003D01D1 /* HistoryTableViewCell.xib in Resources */,
				3B7D4BD323E6239600FA6FDA /* calendar_loading.json in Resources */,
				3B26A3BB22584BD10063ECAA /* Main.storyboard in Resources */,
				3B42E61923F8585D001F1A94 /* ProfessionalScheduleTimeCollectionViewCell.xib in Resources */,
			);
			runOnlyForDeploymentPostprocessing = 0;
		};
		3B26A3C422584BD30063ECAA /* Resources */ = {
			isa = PBXResourcesBuildPhase;
			buildActionMask = 2147483647;
			files = (
			);
			runOnlyForDeploymentPostprocessing = 0;
		};
		3B26A3CF22584BD30063ECAA /* Resources */ = {
			isa = PBXResourcesBuildPhase;
			buildActionMask = 2147483647;
			files = (
			);
			runOnlyForDeploymentPostprocessing = 0;
		};
/* End PBXResourcesBuildPhase section */

/* Begin PBXShellScriptBuildPhase section */
		06F17186D6F5DE36E8AE917D /* [CP] Embed Pods Frameworks */ = {
			isa = PBXShellScriptBuildPhase;
			buildActionMask = 2147483647;
			files = (
			);
			inputFileListPaths = (
				"${PODS_ROOT}/Target Support Files/Pods-ArubaTests/Pods-ArubaTests-frameworks-${CONFIGURATION}-input-files.xcfilelist",
			);
			name = "[CP] Embed Pods Frameworks";
			outputFileListPaths = (
				"${PODS_ROOT}/Target Support Files/Pods-ArubaTests/Pods-ArubaTests-frameworks-${CONFIGURATION}-output-files.xcfilelist",
			);
			runOnlyForDeploymentPostprocessing = 0;
			shellPath = /bin/sh;
			shellScript = "\"${PODS_ROOT}/Target Support Files/Pods-ArubaTests/Pods-ArubaTests-frameworks.sh\"\n";
			showEnvVarsInLog = 0;
		};
		2C1A62C781F37F24846BD1B1 /* [CP] Check Pods Manifest.lock */ = {
			isa = PBXShellScriptBuildPhase;
			buildActionMask = 2147483647;
			files = (
			);
			inputPaths = (
				"${PODS_PODFILE_DIR_PATH}/Podfile.lock",
				"${PODS_ROOT}/Manifest.lock",
			);
			name = "[CP] Check Pods Manifest.lock";
			outputPaths = (
				"$(DERIVED_FILE_DIR)/Pods-ArubaTests-checkManifestLockResult.txt",
			);
			runOnlyForDeploymentPostprocessing = 0;
			shellPath = /bin/sh;
			shellScript = "diff \"${PODS_PODFILE_DIR_PATH}/Podfile.lock\" \"${PODS_ROOT}/Manifest.lock\" > /dev/null\nif [ $? != 0 ] ; then\n    # print error to STDERR\n    echo \"error: The sandbox is not in sync with the Podfile.lock. Run 'pod install' or update your CocoaPods installation.\" >&2\n    exit 1\nfi\n# This output is used by Xcode 'outputs' to avoid re-running this script phase.\necho \"SUCCESS\" > \"${SCRIPT_OUTPUT_FILE_0}\"\n";
			showEnvVarsInLog = 0;
		};
		3B048EEF226CD27500EBE6FD /* Fabric */ = {
			isa = PBXShellScriptBuildPhase;
			buildActionMask = 2147483647;
			files = (
			);
			inputPaths = (
				"$(BUILT_PRODUCTS_DIR)/$(INFOPLIST_PATH)",
			);
			name = Fabric;
			outputPaths = (
			);
			runOnlyForDeploymentPostprocessing = 0;
			shellPath = /bin/sh;
			shellScript = "\"${PODS_ROOT}/Fabric/run\" 6729fa0054cffb049c368bb603d2b99ecb15e5d0 3156925bda5317825e08155d234a27efe87d98d0302997f93ce8dab2f7daf6df\n\n";
		};
		3BD43CF822585A9E00AC3411 /* SwiftLint Script */ = {
			isa = PBXShellScriptBuildPhase;
			buildActionMask = 2147483647;
			files = (
			);
			inputPaths = (
			);
			name = "SwiftLint Script";
			outputPaths = (
			);
			runOnlyForDeploymentPostprocessing = 0;
			shellPath = /bin/sh;
			shellScript = "if which swiftlint >/dev/null; then\nswiftlint\nelse\necho \"warning: SwiftLint not installed, download from https://github.com/realm/SwiftLint\"\nfi\n";
		};
		5F0F75822D6C078A00A3710C /* [CP] Embed Pods Frameworks */ = {
			isa = PBXShellScriptBuildPhase;
			buildActionMask = 2147483647;
			files = (
			);
			inputFileListPaths = (
				"${PODS_ROOT}/Target Support Files/Pods-Aruba/Pods-Aruba-frameworks-${CONFIGURATION}-input-files.xcfilelist",
			);
			name = "[CP] Embed Pods Frameworks";
			outputFileListPaths = (
				"${PODS_ROOT}/Target Support Files/Pods-Aruba/Pods-Aruba-frameworks-${CONFIGURATION}-output-files.xcfilelist",
			);
			runOnlyForDeploymentPostprocessing = 0;
			shellPath = /bin/sh;
			shellScript = "\"${PODS_ROOT}/Target Support Files/Pods-Aruba/Pods-Aruba-frameworks.sh\"\n";
			showEnvVarsInLog = 0;
		};
		64768E4B36059D89AB0172E9 /* [CP] Copy Pods Resources */ = {
			isa = PBXShellScriptBuildPhase;
			buildActionMask = 2147483647;
			files = (
			);
			inputFileListPaths = (
				"${PODS_ROOT}/Target Support Files/Pods-Aruba/Pods-Aruba-resources-${CONFIGURATION}-input-files.xcfilelist",
			);
			name = "[CP] Copy Pods Resources";
			outputFileListPaths = (
				"${PODS_ROOT}/Target Support Files/Pods-Aruba/Pods-Aruba-resources-${CONFIGURATION}-output-files.xcfilelist",
			);
			runOnlyForDeploymentPostprocessing = 0;
			shellPath = /bin/sh;
			shellScript = "\"${PODS_ROOT}/Target Support Files/Pods-Aruba/Pods-Aruba-resources.sh\"\n";
			showEnvVarsInLog = 0;
		};
		ACAB64AB17CDA4748F428E75 /* [CP] Check Pods Manifest.lock */ = {
			isa = PBXShellScriptBuildPhase;
			buildActionMask = 2147483647;
			files = (
			);
			inputPaths = (
				"${PODS_PODFILE_DIR_PATH}/Podfile.lock",
				"${PODS_ROOT}/Manifest.lock",
			);
			name = "[CP] Check Pods Manifest.lock";
			outputPaths = (
				"$(DERIVED_FILE_DIR)/Pods-Aruba-checkManifestLockResult.txt",
			);
			runOnlyForDeploymentPostprocessing = 0;
			shellPath = /bin/sh;
			shellScript = "diff \"${PODS_PODFILE_DIR_PATH}/Podfile.lock\" \"${PODS_ROOT}/Manifest.lock\" > /dev/null\nif [ $? != 0 ] ; then\n    # print error to STDERR\n    echo \"error: The sandbox is not in sync with the Podfile.lock. Run 'pod install' or update your CocoaPods installation.\" >&2\n    exit 1\nfi\n# This output is used by Xcode 'outputs' to avoid re-running this script phase.\necho \"SUCCESS\" > \"${SCRIPT_OUTPUT_FILE_0}\"\n";
			showEnvVarsInLog = 0;
		};
		EB0CE8173791528D1E27FE65 /* [CP] Check Pods Manifest.lock */ = {
			isa = PBXShellScriptBuildPhase;
			buildActionMask = 2147483647;
			files = (
			);
			inputPaths = (
				"${PODS_PODFILE_DIR_PATH}/Podfile.lock",
				"${PODS_ROOT}/Manifest.lock",
			);
			name = "[CP] Check Pods Manifest.lock";
			outputPaths = (
				"$(DERIVED_FILE_DIR)/Pods-ArubaUITests-checkManifestLockResult.txt",
			);
			runOnlyForDeploymentPostprocessing = 0;
			shellPath = /bin/sh;
			shellScript = "diff \"${PODS_PODFILE_DIR_PATH}/Podfile.lock\" \"${PODS_ROOT}/Manifest.lock\" > /dev/null\nif [ $? != 0 ] ; then\n    # print error to STDERR\n    echo \"error: The sandbox is not in sync with the Podfile.lock. Run 'pod install' or update your CocoaPods installation.\" >&2\n    exit 1\nfi\n# This output is used by Xcode 'outputs' to avoid re-running this script phase.\necho \"SUCCESS\" > \"${SCRIPT_OUTPUT_FILE_0}\"\n";
			showEnvVarsInLog = 0;
		};
/* End PBXShellScriptBuildPhase section */

/* Begin PBXSourcesBuildPhase section */
		3B26A3AE22584BD10063ECAA /* Sources */ = {
			isa = PBXSourcesBuildPhase;
			buildActionMask = 2147483647;
			files = (
				3B7D4BCD23E6029E00FA6FDA /* ProfesionalDetailsViewController.swift in Sources */,
				3BC30F6E23A5479E00BD9700 /* ProfessionalDetailsPopupTableViewController.swift in Sources */,
				3B42E61423F855E0001F1A94 /* ProfessionalScheduleTableViewCell.swift in Sources */,
				3B7EC0C0225D692C00ED799D /* ARoundButton.swift in Sources */,
				3B42E61D23F87B7C001F1A94 /* DateCollectionViewCell.swift in Sources */,
				3BD43CF3225858B000AC3411 /* AButton.swift in Sources */,
				3BD43CF62258594D00AC3411 /* Colors.swift in Sources */,
				3B28FFF022594C6B004268CB /* UIViewController+Utils.swift in Sources */,
				3BAF83272282683C0056C0D5 /* AddAddressTableViewController.swift in Sources */,
				3B7D4BC523E5E7C400FA6FDA /* HistoryServiceTableViewCell.swift in Sources */,
				3B048EFA226D04D200EBE6FD /* String+Utils.swift in Sources */,
				3B048F05227F192C00EBE6FD /* AuthManager.swift in Sources */,
				3B42E61823F8585D001F1A94 /* ProfessionalScheduleTimeCollectionViewCell.swift in Sources */,
				3B28FFF522595178004268CB /* BaseViewController.swift in Sources */,
				3B6CE457229B660D00FB19AC /* UserAddressListResponse.swift in Sources */,
				3BD43D1822591A7100AC3411 /* GenericDataCellTableViewCell.swift in Sources */,
				3B3FC0E523D66E3400FF53FA /* PrivacyViewController.swift in Sources */,
				3BD43CFF22585EF000AC3411 /* HTTPClient.swift in Sources */,
				3B7EC0D82263F1B200ED799D /* HourAssignmentViewController.swift in Sources */,
				3B39509623954B3A004FD9B8 /* ServiceCategoryListResponse.swift in Sources */,
				3B6ECA0023BE634800F94A89 /* ProfessionalListTableViewCell.swift in Sources */,
				3B4F5FE023D374D700C38C31 /* AddressesTableViewController.swift in Sources */,
				3B6EC9FB23BE56A700F94A89 /* ProfessionalsViewController.swift in Sources */,
				3BD43CFB22585B7F00AC3411 /* LandingViewController.swift in Sources */,
				3BD43D05225861C300AC3411 /* UserLoginResponse.swift in Sources */,
				3B048EF3226CFC3600EBE6FD /* ABoxView.swift in Sources */,
				3B7EC0D42263D4C700ED799D /* DateSelectionCollectionViewCell.swift in Sources */,
				3B7EC0C8225D727500ED799D /* DateAssignmentTableViewCell.swift in Sources */,
				3B7EC0B5225C2A5200ED799D /* UIView+Utils.swift in Sources */,
				3B395098239561C1004FD9B8 /* UserMeResponse.swift in Sources */,
				3B6CE455229AB87600FB19AC /* AFont.swift in Sources */,
				3BD43D1B22591B2900AC3411 /* AAddress.swift in Sources */,
				3B7EC0BE225D679700ED799D /* ARoundView.swift in Sources */,
				3B1D90B623B5384C003D01D1 /* HistoryTableViewCell.swift in Sources */,
				3BD43CFD22585B9200AC3411 /* RegisterTableViewController.swift in Sources */,
				3B3FC0E323D6694400FF53FA /* ContactInfoTableViewController.swift in Sources */,
				3B72058523BFF1D2001FBCA4 /* RateProfessionalTableViewController.swift in Sources */,
				3B639524239ED243005E0CB4 /* FilterProfessionalResponse.swift in Sources */,
				3BC30F7823A81A2700BD9700 /* CreateAppointmentResponse.swift in Sources */,
				3B67BA4022690FC500871F77 /* ProductDescriptionPopupTableViewController.swift in Sources */,
				3B069B7A2396E7C9003B5479 /* SplashLoaderViewController.swift in Sources */,
				3B02964F228EF6E600D08789 /* DefaultResponse.swift in Sources */,
				3B7EC0DA2263F24800ED799D /* ProgressView.swift in Sources */,
				3B4F5FDE23D36D8800C38C31 /* ProfileViewController.swift in Sources */,
				3B28FFEC22594809004268CB /* PopupTableViewController.swift in Sources */,
				3BD43D092258FCC700AC3411 /* HomeTableViewController.swift in Sources */,
				3B048F02227F170A00EBE6FD /* ATextField.swift in Sources */,
				3BD43D2422592DE200AC3411 /* UIColor+Utils.swift in Sources */,
				3B4F5FE423D4B47000C38C31 /* UserDeviceListResponse.swift in Sources */,
				3B048EF5226D001100EBE6FD /* ALoader.swift in Sources */,
				3B7D4BCF23E6134C00FA6FDA /* ProfessionalReviewsListResponse.swift in Sources */,
				3BD43D012258608700AC3411 /* JSONDecoder+Utils.swift in Sources */,
				3B42E61B23F86F76001F1A94 /* APaddedLabel.swift in Sources */,
				3BC30F7423A7FB7100BD9700 /* CartViewController.swift in Sources */,
				3BD43D112259170C00AC3411 /* ProfileHeaderTableViewCell.swift in Sources */,
				3B7EC0B1225C21D500ED799D /* PeopleQuantityView.swift in Sources */,
				3B42E61F23F88C1A001F1A94 /* ProfessionalsAvailableScheduleResponse.swift in Sources */,
				3B7EC0BC225C352300ED799D /* ServiceSelectionViewController.swift in Sources */,
				3B28FFEE22594892004268CB /* APopoverTableViewController.swift in Sources */,
				3BEEE93923B6729B007570DA /* HistoryDetailsViewController.swift in Sources */,
				3B639522239EB376005E0CB4 /* Constants.swift in Sources */,
				3B048EFD226D08AF00EBE6FD /* Person.swift in Sources */,
				3B048EFF226D08BA00EBE6FD /* ScheduleData.swift in Sources */,
				3B6CE45122961F6500FB19AC /* ServicesListResponse.swift in Sources */,
				3B7EC0DE2263FFF100ED799D /* BaseNavigationController.swift in Sources */,
				3B1D252023C64FC300EBA30C /* RateProfessionalResponse.swift in Sources */,
				3B7EC0DC2263FADC00ED799D /* HourCollectionViewCell.swift in Sources */,
				3B3BDBFF23B53FEE00BBB7B3 /* UserAppointmentList.swift in Sources */,
				3B26A3B622584BD10063ECAA /* AppDelegate.swift in Sources */,
				3B7EC0B9225C347F00ED799D /* ServiceSelectionTableViewCell.swift in Sources */,
				3B6CE453229AAD4300FB19AC /* LoginTableViewController.swift in Sources */,
				3BD43D2022591FC700AC3411 /* GenericDataCellViewModel.swift in Sources */,
				3BC30F7A23A8200900BD9700 /* SuccessPopoverTableViewController.swift in Sources */,
				3B7EC0AF225C219200ED799D /* PeopleQuantiySelectionViewController.swift in Sources */,
				3B4F5FE223D4B1B500C38C31 /* UserRegisterDeviceResponse.swift in Sources */,
				3B048EF1226CF8B400EBE6FD /* ARoundImage.swift in Sources */,
				3BD43D2222592B4700AC3411 /* HomeCategoryTableViewCell.swift in Sources */,
				3B7EC0CA225D773A00ED799D /* DateAssignmentViewController.swift in Sources */,
				3BC30F7223A55BE400BD9700 /* ConfirmViewController.swift in Sources */,
				3BC30F7623A800C000BD9700 /* CardPaymentViewController.swift in Sources */,
				3B1D90B223B5373D003D01D1 /* HistoryViewController.swift in Sources */,
				3B7EC0E1226404F400ED799D /* ProfesionalSelectionViewController.swift in Sources */,
				3B048EF8226D00FA00EBE6FD /* SuccessScheduleViewController.swift in Sources */,
				3B456CA2239C12700009B343 /* ServiceCategorySelectionPopupTableViewController.swift in Sources */,
				3BC30F7023A54E2B00BD9700 /* CartTableViewController.swift in Sources */,
				3BD43D1D22591CB000AC3411 /* Tax.swift in Sources */,
				3B02964B228A4C1300D08789 /* UserManager.swift in Sources */,
				3B4F5FE623D4E94300C38C31 /* UserRegisterNewTaxResponse.swift in Sources */,
				3B069B7C2396EBBD003B5479 /* AlertManager.swift in Sources */,
				3BD43D0F2259156000AC3411 /* ProfileTableViewController.swift in Sources */,
				3B7EC0D62263E95300ED799D /* DateSelectionViewController.swift in Sources */,
				3B28FFF222595165004268CB /* BaseTableViewController.swift in Sources */,
				3BD43D0C2259122B00AC3411 /* SideMenuTableViewController.swift in Sources */,
				3B6EC9FD23BE57CF00F94A89 /* ProfessionalsTableViewController.swift in Sources */,
				3B7EC0E42264066C00ED799D /* ProfessionalTableViewCell.swift in Sources */,
			);
			runOnlyForDeploymentPostprocessing = 0;
		};
		3B26A3C222584BD30063ECAA /* Sources */ = {
			isa = PBXSourcesBuildPhase;
			buildActionMask = 2147483647;
			files = (
				3B26A3CB22584BD30063ECAA /* ArubaTests.swift in Sources */,
			);
			runOnlyForDeploymentPostprocessing = 0;
		};
		3B26A3CD22584BD30063ECAA /* Sources */ = {
			isa = PBXSourcesBuildPhase;
			buildActionMask = 2147483647;
			files = (
				3B26A3D622584BD30063ECAA /* ArubaUITests.swift in Sources */,
			);
			runOnlyForDeploymentPostprocessing = 0;
		};
/* End PBXSourcesBuildPhase section */

/* Begin PBXTargetDependency section */
		3B26A3C822584BD30063ECAA /* PBXTargetDependency */ = {
			isa = PBXTargetDependency;
			target = 3B26A3B122584BD10063ECAA /* Aruba */;
			targetProxy = 3B26A3C722584BD30063ECAA /* PBXContainerItemProxy */;
		};
		3B26A3D322584BD30063ECAA /* PBXTargetDependency */ = {
			isa = PBXTargetDependency;
			target = 3B26A3B122584BD10063ECAA /* Aruba */;
			targetProxy = 3B26A3D222584BD30063ECAA /* PBXContainerItemProxy */;
		};
/* End PBXTargetDependency section */

/* Begin PBXVariantGroup section */
		3B26A3B922584BD10063ECAA /* Main.storyboard */ = {
			isa = PBXVariantGroup;
			children = (
				3B26A3BA22584BD10063ECAA /* Base */,
			);
			name = Main.storyboard;
			sourceTree = "<group>";
		};
		3B26A3BE22584BD30063ECAA /* LaunchScreen.storyboard */ = {
			isa = PBXVariantGroup;
			children = (
				3B26A3BF22584BD30063ECAA /* Base */,
			);
			name = LaunchScreen.storyboard;
			sourceTree = "<group>";
		};
/* End PBXVariantGroup section */

/* Begin XCBuildConfiguration section */
		3B26A3D822584BD30063ECAA /* Debug */ = {
			isa = XCBuildConfiguration;
			buildSettings = {
				ALWAYS_SEARCH_USER_PATHS = NO;
				CLANG_ANALYZER_NONNULL = YES;
				CLANG_ANALYZER_NUMBER_OBJECT_CONVERSION = YES_AGGRESSIVE;
				CLANG_CXX_LANGUAGE_STANDARD = "gnu++14";
				CLANG_CXX_LIBRARY = "libc++";
				CLANG_ENABLE_MODULES = YES;
				CLANG_ENABLE_OBJC_ARC = YES;
				CLANG_ENABLE_OBJC_WEAK = YES;
				CLANG_WARN_BLOCK_CAPTURE_AUTORELEASING = YES;
				CLANG_WARN_BOOL_CONVERSION = YES;
				CLANG_WARN_COMMA = YES;
				CLANG_WARN_CONSTANT_CONVERSION = YES;
				CLANG_WARN_DEPRECATED_OBJC_IMPLEMENTATIONS = YES;
				CLANG_WARN_DIRECT_OBJC_ISA_USAGE = YES_ERROR;
				CLANG_WARN_DOCUMENTATION_COMMENTS = YES;
				CLANG_WARN_EMPTY_BODY = YES;
				CLANG_WARN_ENUM_CONVERSION = YES;
				CLANG_WARN_INFINITE_RECURSION = YES;
				CLANG_WARN_INT_CONVERSION = YES;
				CLANG_WARN_NON_LITERAL_NULL_CONVERSION = YES;
				CLANG_WARN_OBJC_IMPLICIT_RETAIN_SELF = YES;
				CLANG_WARN_OBJC_LITERAL_CONVERSION = YES;
				CLANG_WARN_OBJC_ROOT_CLASS = YES_ERROR;
				CLANG_WARN_RANGE_LOOP_ANALYSIS = YES;
				CLANG_WARN_STRICT_PROTOTYPES = YES;
				CLANG_WARN_SUSPICIOUS_MOVE = YES;
				CLANG_WARN_UNGUARDED_AVAILABILITY = YES_AGGRESSIVE;
				CLANG_WARN_UNREACHABLE_CODE = YES;
				CLANG_WARN__DUPLICATE_METHOD_MATCH = YES;
				CODE_SIGN_IDENTITY = "iPhone Developer";
				COPY_PHASE_STRIP = NO;
				DEBUG_INFORMATION_FORMAT = dwarf;
				ENABLE_STRICT_OBJC_MSGSEND = YES;
				ENABLE_TESTABILITY = YES;
				GCC_C_LANGUAGE_STANDARD = gnu11;
				GCC_DYNAMIC_NO_PIC = NO;
				GCC_NO_COMMON_BLOCKS = YES;
				GCC_OPTIMIZATION_LEVEL = 0;
				GCC_PREPROCESSOR_DEFINITIONS = (
					"DEBUG=1",
					"$(inherited)",
				);
				GCC_WARN_64_TO_32_BIT_CONVERSION = YES;
				GCC_WARN_ABOUT_RETURN_TYPE = YES_ERROR;
				GCC_WARN_UNDECLARED_SELECTOR = YES;
				GCC_WARN_UNINITIALIZED_AUTOS = YES_AGGRESSIVE;
				GCC_WARN_UNUSED_FUNCTION = YES;
				GCC_WARN_UNUSED_VARIABLE = YES;
				IPHONEOS_DEPLOYMENT_TARGET = 12.2;
				MTL_ENABLE_DEBUG_INFO = INCLUDE_SOURCE;
				MTL_FAST_MATH = YES;
				ONLY_ACTIVE_ARCH = YES;
				OTHER_LDFLAGS = "-ObjC";
				SDKROOT = iphoneos;
				SWIFT_ACTIVE_COMPILATION_CONDITIONS = DEBUG;
				SWIFT_OPTIMIZATION_LEVEL = "-Onone";
			};
			name = Debug;
		};
		3B26A3D922584BD30063ECAA /* Release */ = {
			isa = XCBuildConfiguration;
			buildSettings = {
				ALWAYS_SEARCH_USER_PATHS = NO;
				CLANG_ANALYZER_NONNULL = YES;
				CLANG_ANALYZER_NUMBER_OBJECT_CONVERSION = YES_AGGRESSIVE;
				CLANG_CXX_LANGUAGE_STANDARD = "gnu++14";
				CLANG_CXX_LIBRARY = "libc++";
				CLANG_ENABLE_MODULES = YES;
				CLANG_ENABLE_OBJC_ARC = YES;
				CLANG_ENABLE_OBJC_WEAK = YES;
				CLANG_WARN_BLOCK_CAPTURE_AUTORELEASING = YES;
				CLANG_WARN_BOOL_CONVERSION = YES;
				CLANG_WARN_COMMA = YES;
				CLANG_WARN_CONSTANT_CONVERSION = YES;
				CLANG_WARN_DEPRECATED_OBJC_IMPLEMENTATIONS = YES;
				CLANG_WARN_DIRECT_OBJC_ISA_USAGE = YES_ERROR;
				CLANG_WARN_DOCUMENTATION_COMMENTS = YES;
				CLANG_WARN_EMPTY_BODY = YES;
				CLANG_WARN_ENUM_CONVERSION = YES;
				CLANG_WARN_INFINITE_RECURSION = YES;
				CLANG_WARN_INT_CONVERSION = YES;
				CLANG_WARN_NON_LITERAL_NULL_CONVERSION = YES;
				CLANG_WARN_OBJC_IMPLICIT_RETAIN_SELF = YES;
				CLANG_WARN_OBJC_LITERAL_CONVERSION = YES;
				CLANG_WARN_OBJC_ROOT_CLASS = YES_ERROR;
				CLANG_WARN_RANGE_LOOP_ANALYSIS = YES;
				CLANG_WARN_STRICT_PROTOTYPES = YES;
				CLANG_WARN_SUSPICIOUS_MOVE = YES;
				CLANG_WARN_UNGUARDED_AVAILABILITY = YES_AGGRESSIVE;
				CLANG_WARN_UNREACHABLE_CODE = YES;
				CLANG_WARN__DUPLICATE_METHOD_MATCH = YES;
				CODE_SIGN_IDENTITY = "iPhone Developer";
				COPY_PHASE_STRIP = NO;
				DEBUG_INFORMATION_FORMAT = "dwarf-with-dsym";
				ENABLE_NS_ASSERTIONS = NO;
				ENABLE_STRICT_OBJC_MSGSEND = YES;
				GCC_C_LANGUAGE_STANDARD = gnu11;
				GCC_NO_COMMON_BLOCKS = YES;
				GCC_WARN_64_TO_32_BIT_CONVERSION = YES;
				GCC_WARN_ABOUT_RETURN_TYPE = YES_ERROR;
				GCC_WARN_UNDECLARED_SELECTOR = YES;
				GCC_WARN_UNINITIALIZED_AUTOS = YES_AGGRESSIVE;
				GCC_WARN_UNUSED_FUNCTION = YES;
				GCC_WARN_UNUSED_VARIABLE = YES;
				IPHONEOS_DEPLOYMENT_TARGET = 12.2;
				MTL_ENABLE_DEBUG_INFO = NO;
				MTL_FAST_MATH = YES;
				OTHER_LDFLAGS = "-ObjC";
				SDKROOT = iphoneos;
				SWIFT_COMPILATION_MODE = wholemodule;
				SWIFT_OPTIMIZATION_LEVEL = "-O";
				VALIDATE_PRODUCT = YES;
			};
			name = Release;
		};
		3B26A3DB22584BD30063ECAA /* Debug */ = {
			isa = XCBuildConfiguration;
			baseConfigurationReference = 0558D970D0CA945C6C2661E0 /* Pods-Aruba.debug.xcconfig */;
			buildSettings = {
				ASSETCATALOG_COMPILER_APPICON_NAME = AppIcon;
				CODE_SIGN_ENTITLEMENTS = Aruba/Aruba.entitlements;
				CODE_SIGN_IDENTITY = "iPhone Developer";
				CODE_SIGN_STYLE = Automatic;
				CURRENT_PROJECT_VERSION = 1.0;
				DEVELOPMENT_TEAM = P5FUN8DH8K;
				INFOPLIST_FILE = Aruba/Info.plist;
				IPHONEOS_DEPLOYMENT_TARGET = 11.0;
				LD_RUNPATH_SEARCH_PATHS = (
					"$(inherited)",
					"@executable_path/Frameworks",
				);
				MARKETING_VERSION = 1.0.2;
				PRODUCT_BUNDLE_IDENTIFIER = py.com.nextgen.Aruba;
				PRODUCT_NAME = "$(TARGET_NAME)";
				PROVISIONING_PROFILE_SPECIFIER = "";
				SWIFT_VERSION = 4.2;
				TARGETED_DEVICE_FAMILY = 1;
				VERSIONING_SYSTEM = "apple-generic";
			};
			name = Debug;
		};
		3B26A3DC22584BD30063ECAA /* Release */ = {
			isa = XCBuildConfiguration;
			baseConfigurationReference = 89C589BCD472F06024F9FBAC /* Pods-Aruba.release.xcconfig */;
			buildSettings = {
				ASSETCATALOG_COMPILER_APPICON_NAME = AppIcon;
				CODE_SIGN_ENTITLEMENTS = Aruba/Aruba.entitlements;
				CODE_SIGN_IDENTITY = "iPhone Developer";
				CODE_SIGN_STYLE = Automatic;
				CURRENT_PROJECT_VERSION = 1.0;
				DEVELOPMENT_TEAM = P5FUN8DH8K;
				INFOPLIST_FILE = Aruba/Info.plist;
				IPHONEOS_DEPLOYMENT_TARGET = 11.0;
				LD_RUNPATH_SEARCH_PATHS = (
					"$(inherited)",
					"@executable_path/Frameworks",
				);
				MARKETING_VERSION = 1.0.2;
				PRODUCT_BUNDLE_IDENTIFIER = py.com.nextgen.Aruba;
				PRODUCT_NAME = "$(TARGET_NAME)";
				PROVISIONING_PROFILE_SPECIFIER = "";
				SWIFT_ACTIVE_COMPILATION_CONDITIONS = "";
				SWIFT_VERSION = 4.2;
				TARGETED_DEVICE_FAMILY = 1;
				VERSIONING_SYSTEM = "apple-generic";
			};
			name = Release;
		};
		3B26A3DE22584BD30063ECAA /* Debug */ = {
			isa = XCBuildConfiguration;
			baseConfigurationReference = 7F3C20A30C6A99E339F6600B /* Pods-ArubaTests.debug.xcconfig */;
			buildSettings = {
				BUNDLE_LOADER = "$(TEST_HOST)";
				CODE_SIGN_IDENTITY = "iPhone Developer";
				CODE_SIGN_STYLE = Manual;
				DEVELOPMENT_TEAM = P5FUN8DH8K;
				INFOPLIST_FILE = ArubaTests/Info.plist;
				LD_RUNPATH_SEARCH_PATHS = (
					"$(inherited)",
					"@executable_path/Frameworks",
					"@loader_path/Frameworks",
				);
				PRODUCT_BUNDLE_IDENTIFIER = py.com.nextgen.ArubaTests;
				PRODUCT_NAME = "$(TARGET_NAME)";
				PROVISIONING_PROFILE_SPECIFIER = "";
				SWIFT_VERSION = 5.0;
				TARGETED_DEVICE_FAMILY = "1,2";
				TEST_HOST = "$(BUILT_PRODUCTS_DIR)/Aruba.app/Aruba";
			};
			name = Debug;
		};
		3B26A3DF22584BD30063ECAA /* Release */ = {
			isa = XCBuildConfiguration;
			baseConfigurationReference = 8EA4AA119F1E8F11172D2267 /* Pods-ArubaTests.release.xcconfig */;
			buildSettings = {
				BUNDLE_LOADER = "$(TEST_HOST)";
				CODE_SIGN_STYLE = Manual;
				DEVELOPMENT_TEAM = P5FUN8DH8K;
				INFOPLIST_FILE = ArubaTests/Info.plist;
				LD_RUNPATH_SEARCH_PATHS = (
					"$(inherited)",
					"@executable_path/Frameworks",
					"@loader_path/Frameworks",
				);
				PRODUCT_BUNDLE_IDENTIFIER = py.com.nextgen.ArubaTests;
				PRODUCT_NAME = "$(TARGET_NAME)";
				PROVISIONING_PROFILE_SPECIFIER = "";
				SWIFT_VERSION = 5.0;
				TARGETED_DEVICE_FAMILY = "1,2";
				TEST_HOST = "$(BUILT_PRODUCTS_DIR)/Aruba.app/Aruba";
			};
			name = Release;
		};
		3B26A3E122584BD30063ECAA /* Debug */ = {
			isa = XCBuildConfiguration;
			baseConfigurationReference = 8E19267E83A702696BD13303 /* Pods-ArubaUITests.debug.xcconfig */;
			buildSettings = {
				ALWAYS_EMBED_SWIFT_STANDARD_LIBRARIES = YES;
				CODE_SIGN_STYLE = Automatic;
				DEVELOPMENT_TEAM = P5FUN8DH8K;
				INFOPLIST_FILE = ArubaUITests/Info.plist;
				LD_RUNPATH_SEARCH_PATHS = (
					"$(inherited)",
					"@executable_path/Frameworks",
					"@loader_path/Frameworks",
				);
				PRODUCT_BUNDLE_IDENTIFIER = py.com.nextgen.ArubaUITests;
				PRODUCT_NAME = "$(TARGET_NAME)";
				SWIFT_VERSION = 5.0;
				TARGETED_DEVICE_FAMILY = "1,2";
				TEST_TARGET_NAME = Aruba;
			};
			name = Debug;
		};
		3B26A3E222584BD30063ECAA /* Release */ = {
			isa = XCBuildConfiguration;
			baseConfigurationReference = D6FAFCA051FE3148AA5163E7 /* Pods-ArubaUITests.release.xcconfig */;
			buildSettings = {
				ALWAYS_EMBED_SWIFT_STANDARD_LIBRARIES = YES;
				CODE_SIGN_STYLE = Automatic;
				DEVELOPMENT_TEAM = P5FUN8DH8K;
				INFOPLIST_FILE = ArubaUITests/Info.plist;
				LD_RUNPATH_SEARCH_PATHS = (
					"$(inherited)",
					"@executable_path/Frameworks",
					"@loader_path/Frameworks",
				);
				PRODUCT_BUNDLE_IDENTIFIER = py.com.nextgen.ArubaUITests;
				PRODUCT_NAME = "$(TARGET_NAME)";
				SWIFT_VERSION = 5.0;
				TARGETED_DEVICE_FAMILY = "1,2";
				TEST_TARGET_NAME = Aruba;
			};
			name = Release;
		};
/* End XCBuildConfiguration section */

/* Begin XCConfigurationList section */
		3B26A3AD22584BD10063ECAA /* Build configuration list for PBXProject "Aruba" */ = {
			isa = XCConfigurationList;
			buildConfigurations = (
				3B26A3D822584BD30063ECAA /* Debug */,
				3B26A3D922584BD30063ECAA /* Release */,
			);
			defaultConfigurationIsVisible = 0;
			defaultConfigurationName = Release;
		};
		3B26A3DA22584BD30063ECAA /* Build configuration list for PBXNativeTarget "Aruba" */ = {
			isa = XCConfigurationList;
			buildConfigurations = (
				3B26A3DB22584BD30063ECAA /* Debug */,
				3B26A3DC22584BD30063ECAA /* Release */,
			);
			defaultConfigurationIsVisible = 0;
			defaultConfigurationName = Release;
		};
		3B26A3DD22584BD30063ECAA /* Build configuration list for PBXNativeTarget "ArubaTests" */ = {
			isa = XCConfigurationList;
			buildConfigurations = (
				3B26A3DE22584BD30063ECAA /* Debug */,
				3B26A3DF22584BD30063ECAA /* Release */,
			);
			defaultConfigurationIsVisible = 0;
			defaultConfigurationName = Release;
		};
		3B26A3E022584BD30063ECAA /* Build configuration list for PBXNativeTarget "ArubaUITests" */ = {
			isa = XCConfigurationList;
			buildConfigurations = (
				3B26A3E122584BD30063ECAA /* Debug */,
				3B26A3E222584BD30063ECAA /* Release */,
			);
			defaultConfigurationIsVisible = 0;
			defaultConfigurationName = Release;
		};
/* End XCConfigurationList section */
	};
	rootObject = 3B26A3AA22584BD10063ECAA /* Project object */;
}
